// !$*UTF8*$!
{
	archiveVersion = 1;
	classes = {
	};
	objectVersion = 46;
	objects = {

/* Begin PBXBuildFile section */
		33073AEB1AB93EB500BDD528 /* WorkoutObject.m in Sources */ = {isa = PBXBuildFile; fileRef = 33073AEA1AB93EB500BDD528 /* WorkoutObject.m */; };
		331E54161A991585004F2AA1 /* BaseVC.m in Sources */ = {isa = PBXBuildFile; fileRef = 331E54151A991585004F2AA1 /* BaseVC.m */; };
		331E54191A992244004F2AA1 /* HKHealthStore+AAPLExtensions.m in Sources */ = {isa = PBXBuildFile; fileRef = 331E54181A992244004F2AA1 /* HKHealthStore+AAPLExtensions.m */; };
		33237C961B16843600982CCD /* Heart_Beat_Tests.m in Sources */ = {isa = PBXBuildFile; fileRef = 33237C951B16843600982CCD /* Heart_Beat_Tests.m */; };
		33272D311AAA537E00D60414 /* EndWorkoutVC.m in Sources */ = {isa = PBXBuildFile; fileRef = 33272D301AAA537E00D60414 /* EndWorkoutVC.m */; };
		333465F51A96DFA000E4C836 /* YZSwipeBetweenViewController.m in Sources */ = {isa = PBXBuildFile; fileRef = 333465F41A96DFA000E4C836 /* YZSwipeBetweenViewController.m */; };
		3351045D1AB0C94900E6D29D /* leftArrow.png in Resources */ = {isa = PBXBuildFile; fileRef = 3351045B1AB0C94900E6D29D /* leftArrow.png */; };
		335104601AB0C99C00E6D29D /* rightArrow.png in Resources */ = {isa = PBXBuildFile; fileRef = 3351045F1AB0C99C00E6D29D /* rightArrow.png */; };
		335104631AB0CC8E00E6D29D /* leftArrow2.png in Resources */ = {isa = PBXBuildFile; fileRef = 335104611AB0CC8E00E6D29D /* leftArrow2.png */; };
		335104641AB0CC8E00E6D29D /* rightArrow2.png in Resources */ = {isa = PBXBuildFile; fileRef = 335104621AB0CC8E00E6D29D /* rightArrow2.png */; };
		3360C4C11CC0E63E006DE57B /* FacebookSDK.framework in Frameworks */ = {isa = PBXBuildFile; fileRef = 3360C4C01CC0E63E006DE57B /* FacebookSDK.framework */; };
		336709F01C41FD8C00993A58 /* FBSDKLoginKit.framework in Frameworks */ = {isa = PBXBuildFile; fileRef = 336709EF1C41FD8C00993A58 /* FBSDKLoginKit.framework */; };
		33802A181AA9637700D80DD7 /* CoreMedia.framework in Frameworks */ = {isa = PBXBuildFile; fileRef = 33802A171AA9637700D80DD7 /* CoreMedia.framework */; };
		33802A1A1AA9637F00D80DD7 /* CoreAudio.framework in Frameworks */ = {isa = PBXBuildFile; fileRef = 33802A191AA9637F00D80DD7 /* CoreAudio.framework */; };
		33802A1C1AA9638700D80DD7 /* AVFoundation.framework in Frameworks */ = {isa = PBXBuildFile; fileRef = 33802A1B1AA9638700D80DD7 /* AVFoundation.framework */; };
		33802A1E1AA9639800D80DD7 /* libc++.1.dylib in Frameworks */ = {isa = PBXBuildFile; fileRef = 33802A1D1AA9639800D80DD7 /* libc++.1.dylib */; };
		3380CFA91A9AA71A00930DCA /* WorkoutTypeVC.m in Sources */ = {isa = PBXBuildFile; fileRef = 3380CFA81A9AA71A00930DCA /* WorkoutTypeVC.m */; };
		3380CFAD1A9B7F3A00930DCA /* HealthKit.framework in Frameworks */ = {isa = PBXBuildFile; fileRef = 3380CFAC1A9B7F3A00930DCA /* HealthKit.framework */; };
		3380CFAF1A9BA70100930DCA /* MapKit.framework in Frameworks */ = {isa = PBXBuildFile; fileRef = 3380CFAE1A9BA70100930DCA /* MapKit.framework */; };
		3380CFB21A9E856500930DCA /* Pin.m in Sources */ = {isa = PBXBuildFile; fileRef = 3380CFB11A9E856500930DCA /* Pin.m */; };
		339468C61C617E8D006B0EEB /* FBSDKCoreKit.framework in Frameworks */ = {isa = PBXBuildFile; fileRef = 339468C51C617E8D006B0EEB /* FBSDKCoreKit.framework */; };
		339468C81C61C546006B0EEB /* Bolts.framework in Frameworks */ = {isa = PBXBuildFile; fileRef = 339468C71C61C546006B0EEB /* Bolts.framework */; };
		339468CA1C62D086006B0EEB /* Parse.framework in Frameworks */ = {isa = PBXBuildFile; fileRef = 339468C91C62D086006B0EEB /* Parse.framework */; };
		339BDA881AB22CA200FFB269 /* SettingsTableViewCell.m in Sources */ = {isa = PBXBuildFile; fileRef = 339BDA871AB22CA200FFB269 /* SettingsTableViewCell.m */; };
		33B9107E1AB3B49B00B65C2F /* heartNav.png in Resources */ = {isa = PBXBuildFile; fileRef = 33B9107D1AB3B49B00B65C2F /* heartNav.png */; };
		33B910811AB3D8A700B65C2F /* AudioCuesTVC.m in Sources */ = {isa = PBXBuildFile; fileRef = 33B910801AB3D8A700B65C2F /* AudioCuesTVC.m */; };
		33B910831AB41B8500B65C2F /* FBLogin.png in Resources */ = {isa = PBXBuildFile; fileRef = 33B910821AB41B8500B65C2F /* FBLogin.png */; };
		33B910851AB41B8C00B65C2F /* TWTRLogin.png in Resources */ = {isa = PBXBuildFile; fileRef = 33B910841AB41B8C00B65C2F /* TWTRLogin.png */; };
		33BEA2611C6C02330007E94A /* CloudManager.m in Sources */ = {isa = PBXBuildFile; fileRef = 33BEA2601C6C02330007E94A /* CloudManager.m */; };
		33BEA2631C6C03DC0007E94A /* CloudKit.framework in Frameworks */ = {isa = PBXBuildFile; fileRef = 33BEA2621C6C03DC0007E94A /* CloudKit.framework */; };
		33DE29481AA7D350001898C2 /* libstdc++.6.0.9.dylib in Frameworks */ = {isa = PBXBuildFile; fileRef = 33DE29471AA7D350001898C2 /* libstdc++.6.0.9.dylib */; };
		33E96D991A8BA9F0006B656E /* main.m in Sources */ = {isa = PBXBuildFile; fileRef = 33E96D981A8BA9F0006B656E /* main.m */; };
		33E96D9C1A8BA9F0006B656E /* AppDelegate.m in Sources */ = {isa = PBXBuildFile; fileRef = 33E96D9B1A8BA9F0006B656E /* AppDelegate.m */; };
		33E96D9F1A8BA9F0006B656E /* MainVC.m in Sources */ = {isa = PBXBuildFile; fileRef = 33E96D9E1A8BA9F0006B656E /* MainVC.m */; };
		33E96DA21A8BA9F0006B656E /* Main.storyboard in Resources */ = {isa = PBXBuildFile; fileRef = 33E96DA01A8BA9F0006B656E /* Main.storyboard */; };
		33E96DA41A8BA9F0006B656E /* Images.xcassets in Resources */ = {isa = PBXBuildFile; fileRef = 33E96DA31A8BA9F0006B656E /* Images.xcassets */; };
		33E96DA71A8BA9F0006B656E /* LaunchScreen.xib in Resources */ = {isa = PBXBuildFile; fileRef = 33E96DA51A8BA9F0006B656E /* LaunchScreen.xib */; };
		33E96DB31A8BA9F0006B656E /* Heart_BeatTests.m in Sources */ = {isa = PBXBuildFile; fileRef = 33E96DB21A8BA9F0006B656E /* Heart_BeatTests.m */; };
		33E96DBD1A8BAA1C006B656E /* CoreBluetooth.framework in Frameworks */ = {isa = PBXBuildFile; fileRef = 33E96DBC1A8BAA1C006B656E /* CoreBluetooth.framework */; };
		33E96DC01A8C0647006B656E /* SettingVC.m in Sources */ = {isa = PBXBuildFile; fileRef = 33E96DBF1A8C0647006B656E /* SettingVC.m */; };
		33E96DC31A8C1EAD006B656E /* WorkoutVC.m in Sources */ = {isa = PBXBuildFile; fileRef = 33E96DC21A8C1EAD006B656E /* WorkoutVC.m */; };
		33E96DC61A8C1EC2006B656E /* HistoryVC.m in Sources */ = {isa = PBXBuildFile; fileRef = 33E96DC51A8C1EC2006B656E /* HistoryVC.m */; };
		33E96DC81A8C44AA006B656E /* Images-2.xcassets in Resources */ = {isa = PBXBuildFile; fileRef = 33E96DC71A8C44AA006B656E /* Images-2.xcassets */; };
		33E96DCD1A8C504E006B656E /* NSTimer+Pause.m in Sources */ = {isa = PBXBuildFile; fileRef = 33E96DCC1A8C504E006B656E /* NSTimer+Pause.m */; };
		33E96FBB1A8D5B51006B656E /* LoginVC.m in Sources */ = {isa = PBXBuildFile; fileRef = 33E96FBA1A8D5B51006B656E /* LoginVC.m */; };
		33E96FBF1A8EFEAC006B656E /* AudioToolbox.framework in Frameworks */ = {isa = PBXBuildFile; fileRef = 33E96FBE1A8EFEAC006B656E /* AudioToolbox.framework */; };
		33E96FC11A8EFEB6006B656E /* CFNetwork.framework in Frameworks */ = {isa = PBXBuildFile; fileRef = 33E96FC01A8EFEB6006B656E /* CFNetwork.framework */; };
		33E96FC31A8EFEBD006B656E /* CoreGraphics.framework in Frameworks */ = {isa = PBXBuildFile; fileRef = 33E96FC21A8EFEBD006B656E /* CoreGraphics.framework */; };
		33E96FC51A8EFEC6006B656E /* CoreLocation.framework in Frameworks */ = {isa = PBXBuildFile; fileRef = 33E96FC41A8EFEC6006B656E /* CoreLocation.framework */; };
		33E96FC71A8EFED1006B656E /* MobileCoreServices.framework in Frameworks */ = {isa = PBXBuildFile; fileRef = 33E96FC61A8EFED1006B656E /* MobileCoreServices.framework */; };
		33E96FC91A8EFED8006B656E /* QuartzCore.framework in Frameworks */ = {isa = PBXBuildFile; fileRef = 33E96FC81A8EFED8006B656E /* QuartzCore.framework */; };
		33E96FCB1A8EFEDE006B656E /* Security.framework in Frameworks */ = {isa = PBXBuildFile; fileRef = 33E96FCA1A8EFEDE006B656E /* Security.framework */; };
		33E96FCD1A8EFEE7006B656E /* StoreKit.framework in Frameworks */ = {isa = PBXBuildFile; fileRef = 33E96FCC1A8EFEE7006B656E /* StoreKit.framework */; };
		33E96FCF1A8EFEEE006B656E /* SystemConfiguration.framework in Frameworks */ = {isa = PBXBuildFile; fileRef = 33E96FCE1A8EFEEE006B656E /* SystemConfiguration.framework */; };
		33E96FD11A8EFEFB006B656E /* libz.dylib in Frameworks */ = {isa = PBXBuildFile; fileRef = 33E96FD01A8EFEFB006B656E /* libz.dylib */; };
		33E96FD31A8EFF02006B656E /* libsqlite3.dylib in Frameworks */ = {isa = PBXBuildFile; fileRef = 33E96FD21A8EFF02006B656E /* libsqlite3.dylib */; };
		33E96FD71A8F0A53006B656E /* Accounts.framework in Frameworks */ = {isa = PBXBuildFile; fileRef = 33E96FD61A8F0A53006B656E /* Accounts.framework */; };
		33E96FD91A8F0A5B006B656E /* Social.framework in Frameworks */ = {isa = PBXBuildFile; fileRef = 33E96FD81A8F0A5B006B656E /* Social.framework */; };
		33E96FDC1A8FA092006B656E /* WorkoutSummaryVC.m in Sources */ = {isa = PBXBuildFile; fileRef = 33E96FDB1A8FA092006B656E /* WorkoutSummaryVC.m */; };
		33E96FF31A8FB94D006B656E /* BEMCircle.m in Sources */ = {isa = PBXBuildFile; fileRef = 33E96FEC1A8FB94D006B656E /* BEMCircle.m */; };
		33E96FF41A8FB94D006B656E /* BEMLine.m in Sources */ = {isa = PBXBuildFile; fileRef = 33E96FEE1A8FB94D006B656E /* BEMLine.m */; };
		33E96FF51A8FB94D006B656E /* BEMPermanentPopupView.m in Sources */ = {isa = PBXBuildFile; fileRef = 33E96FF01A8FB94D006B656E /* BEMPermanentPopupView.m */; };
		33E96FF61A8FB94D006B656E /* BEMSimpleLineGraphView.m in Sources */ = {isa = PBXBuildFile; fileRef = 33E96FF21A8FB94D006B656E /* BEMSimpleLineGraphView.m */; };
/* End PBXBuildFile section */

/* Begin PBXContainerItemProxy section */
		33237C971B16843600982CCD /* PBXContainerItemProxy */ = {
			isa = PBXContainerItemProxy;
			containerPortal = 33E96D8B1A8BA9F0006B656E /* Project object */;
			proxyType = 1;
			remoteGlobalIDString = 33E96D921A8BA9F0006B656E;
			remoteInfo = "Heart Beat";
		};
		33E96DAD1A8BA9F0006B656E /* PBXContainerItemProxy */ = {
			isa = PBXContainerItemProxy;
			containerPortal = 33E96D8B1A8BA9F0006B656E /* Project object */;
			proxyType = 1;
			remoteGlobalIDString = 33E96D921A8BA9F0006B656E;
			remoteInfo = "Heart Beat";
		};
/* End PBXContainerItemProxy section */

/* Begin PBXFileReference section */
		33073AE91AB93EB500BDD528 /* WorkoutObject.h */ = {isa = PBXFileReference; fileEncoding = 4; lastKnownFileType = sourcecode.c.h; path = WorkoutObject.h; sourceTree = "<group>"; };
		33073AEA1AB93EB500BDD528 /* WorkoutObject.m */ = {isa = PBXFileReference; fileEncoding = 4; lastKnownFileType = sourcecode.c.objc; path = WorkoutObject.m; sourceTree = "<group>"; };
		331E54131A99153D004F2AA1 /* Heart Beat.entitlements */ = {isa = PBXFileReference; lastKnownFileType = text.xml; path = "Heart Beat.entitlements"; sourceTree = "<group>"; };
		331E54141A991585004F2AA1 /* BaseVC.h */ = {isa = PBXFileReference; fileEncoding = 4; lastKnownFileType = sourcecode.c.h; path = BaseVC.h; sourceTree = "<group>"; };
		331E54151A991585004F2AA1 /* BaseVC.m */ = {isa = PBXFileReference; fileEncoding = 4; lastKnownFileType = sourcecode.c.objc; path = BaseVC.m; sourceTree = "<group>"; };
		331E54171A992244004F2AA1 /* HKHealthStore+AAPLExtensions.h */ = {isa = PBXFileReference; fileEncoding = 4; lastKnownFileType = sourcecode.c.h; path = "HKHealthStore+AAPLExtensions.h"; sourceTree = "<group>"; };
		331E54181A992244004F2AA1 /* HKHealthStore+AAPLExtensions.m */ = {isa = PBXFileReference; fileEncoding = 4; lastKnownFileType = sourcecode.c.objc; path = "HKHealthStore+AAPLExtensions.m"; sourceTree = "<group>"; };
		33237C911B16843600982CCD /* Heart Beat Tests.xctest */ = {isa = PBXFileReference; explicitFileType = wrapper.cfbundle; includeInIndex = 0; path = "Heart Beat Tests.xctest"; sourceTree = BUILT_PRODUCTS_DIR; };
		33237C941B16843600982CCD /* Info.plist */ = {isa = PBXFileReference; lastKnownFileType = text.plist.xml; path = Info.plist; sourceTree = "<group>"; };
		33237C951B16843600982CCD /* Heart_Beat_Tests.m */ = {isa = PBXFileReference; lastKnownFileType = sourcecode.c.objc; path = Heart_Beat_Tests.m; sourceTree = "<group>"; };
		33272D2F1AAA537E00D60414 /* EndWorkoutVC.h */ = {isa = PBXFileReference; fileEncoding = 4; lastKnownFileType = sourcecode.c.h; path = EndWorkoutVC.h; sourceTree = "<group>"; };
		33272D301AAA537E00D60414 /* EndWorkoutVC.m */ = {isa = PBXFileReference; fileEncoding = 4; lastKnownFileType = sourcecode.c.objc; path = EndWorkoutVC.m; sourceTree = "<group>"; };
		333465F31A96DFA000E4C836 /* YZSwipeBetweenViewController.h */ = {isa = PBXFileReference; fileEncoding = 4; lastKnownFileType = sourcecode.c.h; path = YZSwipeBetweenViewController.h; sourceTree = "<group>"; };
		333465F41A96DFA000E4C836 /* YZSwipeBetweenViewController.m */ = {isa = PBXFileReference; fileEncoding = 4; lastKnownFileType = sourcecode.c.objc; path = YZSwipeBetweenViewController.m; sourceTree = "<group>"; };
		3351045B1AB0C94900E6D29D /* leftArrow.png */ = {isa = PBXFileReference; lastKnownFileType = image.png; name = leftArrow.png; path = "Heart Beat/rsc/leftArrow.png"; sourceTree = "<group>"; };
		3351045F1AB0C99C00E6D29D /* rightArrow.png */ = {isa = PBXFileReference; lastKnownFileType = image.png; name = rightArrow.png; path = "Heart Beat/rsc/rightArrow.png"; sourceTree = "<group>"; };
		335104611AB0CC8E00E6D29D /* leftArrow2.png */ = {isa = PBXFileReference; lastKnownFileType = image.png; name = leftArrow2.png; path = "Heart Beat/rsc/leftArrow2.png"; sourceTree = "<group>"; };
		335104621AB0CC8E00E6D29D /* rightArrow2.png */ = {isa = PBXFileReference; lastKnownFileType = image.png; name = rightArrow2.png; path = "Heart Beat/rsc/rightArrow2.png"; sourceTree = "<group>"; };
		3360C4C01CC0E63E006DE57B /* FacebookSDK.framework */ = {isa = PBXFileReference; lastKnownFileType = wrapper.framework; name = FacebookSDK.framework; path = "Heart Beat/FacebookSDK.framework"; sourceTree = "<group>"; };
		336709EF1C41FD8C00993A58 /* FBSDKLoginKit.framework */ = {isa = PBXFileReference; lastKnownFileType = wrapper.framework; path = FBSDKLoginKit.framework; sourceTree = "<group>"; };
		33802A151AA962A500D80DD7 /* HeartRateCoreSDK.h */ = {isa = PBXFileReference; lastKnownFileType = sourcecode.c.h; path = HeartRateCoreSDK.h; sourceTree = "<group>"; };
		33802A161AA962A500D80DD7 /* HeartRateData.h */ = {isa = PBXFileReference; lastKnownFileType = sourcecode.c.h; path = HeartRateData.h; sourceTree = "<group>"; };
		33802A171AA9637700D80DD7 /* CoreMedia.framework */ = {isa = PBXFileReference; lastKnownFileType = wrapper.framework; name = CoreMedia.framework; path = System/Library/Frameworks/CoreMedia.framework; sourceTree = SDKROOT; };
		33802A191AA9637F00D80DD7 /* CoreAudio.framework */ = {isa = PBXFileReference; lastKnownFileType = wrapper.framework; name = CoreAudio.framework; path = System/Library/Frameworks/CoreAudio.framework; sourceTree = SDKROOT; };
		33802A1B1AA9638700D80DD7 /* AVFoundation.framework */ = {isa = PBXFileReference; lastKnownFileType = wrapper.framework; name = AVFoundation.framework; path = System/Library/Frameworks/AVFoundation.framework; sourceTree = SDKROOT; };
		33802A1D1AA9639800D80DD7 /* libc++.1.dylib */ = {isa = PBXFileReference; lastKnownFileType = "compiled.mach-o.dylib"; name = "libc++.1.dylib"; path = "usr/lib/libc++.1.dylib"; sourceTree = SDKROOT; };
		3380CFA71A9AA71A00930DCA /* WorkoutTypeVC.h */ = {isa = PBXFileReference; fileEncoding = 4; lastKnownFileType = sourcecode.c.h; path = WorkoutTypeVC.h; sourceTree = "<group>"; };
		3380CFA81A9AA71A00930DCA /* WorkoutTypeVC.m */ = {isa = PBXFileReference; fileEncoding = 4; lastKnownFileType = sourcecode.c.objc; path = WorkoutTypeVC.m; sourceTree = "<group>"; };
		3380CFAC1A9B7F3A00930DCA /* HealthKit.framework */ = {isa = PBXFileReference; lastKnownFileType = wrapper.framework; name = HealthKit.framework; path = System/Library/Frameworks/HealthKit.framework; sourceTree = SDKROOT; };
		3380CFAE1A9BA70100930DCA /* MapKit.framework */ = {isa = PBXFileReference; lastKnownFileType = wrapper.framework; name = MapKit.framework; path = System/Library/Frameworks/MapKit.framework; sourceTree = SDKROOT; };
		3380CFB01A9E856500930DCA /* Pin.h */ = {isa = PBXFileReference; fileEncoding = 4; lastKnownFileType = sourcecode.c.h; path = Pin.h; sourceTree = "<group>"; };
		3380CFB11A9E856500930DCA /* Pin.m */ = {isa = PBXFileReference; fileEncoding = 4; lastKnownFileType = sourcecode.c.objc; path = Pin.m; sourceTree = "<group>"; };
		339468C51C617E8D006B0EEB /* FBSDKCoreKit.framework */ = {isa = PBXFileReference; lastKnownFileType = wrapper.framework; path = FBSDKCoreKit.framework; sourceTree = "<group>"; };
		339468C71C61C546006B0EEB /* Bolts.framework */ = {isa = PBXFileReference; lastKnownFileType = wrapper.framework; path = Bolts.framework; sourceTree = "<group>"; };
		339468C91C62D086006B0EEB /* Parse.framework */ = {isa = PBXFileReference; lastKnownFileType = wrapper.framework; name = Parse.framework; path = "Heart Beat/Parse.framework"; sourceTree = "<group>"; };
		339BDA861AB22CA200FFB269 /* SettingsTableViewCell.h */ = {isa = PBXFileReference; fileEncoding = 4; lastKnownFileType = sourcecode.c.h; path = SettingsTableViewCell.h; sourceTree = "<group>"; };
		339BDA871AB22CA200FFB269 /* SettingsTableViewCell.m */ = {isa = PBXFileReference; fileEncoding = 4; lastKnownFileType = sourcecode.c.objc; path = SettingsTableViewCell.m; sourceTree = "<group>"; };
		33B9107D1AB3B49B00B65C2F /* heartNav.png */ = {isa = PBXFileReference; lastKnownFileType = image.png; name = heartNav.png; path = "Heart Beat/rsc/heartNav.png"; sourceTree = "<group>"; };
		33B9107F1AB3D8A700B65C2F /* AudioCuesTVC.h */ = {isa = PBXFileReference; fileEncoding = 4; lastKnownFileType = sourcecode.c.h; path = AudioCuesTVC.h; sourceTree = "<group>"; };
		33B910801AB3D8A700B65C2F /* AudioCuesTVC.m */ = {isa = PBXFileReference; fileEncoding = 4; lastKnownFileType = sourcecode.c.objc; path = AudioCuesTVC.m; sourceTree = "<group>"; };
		33B910821AB41B8500B65C2F /* FBLogin.png */ = {isa = PBXFileReference; lastKnownFileType = image.png; name = FBLogin.png; path = "Heart Beat/rsc/FBLogin.png"; sourceTree = "<group>"; };
		33B910841AB41B8C00B65C2F /* TWTRLogin.png */ = {isa = PBXFileReference; lastKnownFileType = image.png; name = TWTRLogin.png; path = "Heart Beat/rsc/TWTRLogin.png"; sourceTree = "<group>"; };
		33BEA25F1C6C02330007E94A /* CloudManager.h */ = {isa = PBXFileReference; fileEncoding = 4; lastKnownFileType = sourcecode.c.h; path = CloudManager.h; sourceTree = "<group>"; };
		33BEA2601C6C02330007E94A /* CloudManager.m */ = {isa = PBXFileReference; fileEncoding = 4; lastKnownFileType = sourcecode.c.objc; path = CloudManager.m; sourceTree = "<group>"; };
		33BEA2621C6C03DC0007E94A /* CloudKit.framework */ = {isa = PBXFileReference; lastKnownFileType = wrapper.framework; name = CloudKit.framework; path = System/Library/Frameworks/CloudKit.framework; sourceTree = SDKROOT; };
		33DE29471AA7D350001898C2 /* libstdc++.6.0.9.dylib */ = {isa = PBXFileReference; lastKnownFileType = "compiled.mach-o.dylib"; name = "libstdc++.6.0.9.dylib"; path = "usr/lib/libstdc++.6.0.9.dylib"; sourceTree = SDKROOT; };
		33E96D931A8BA9F0006B656E /* Heart Beat.app */ = {isa = PBXFileReference; explicitFileType = wrapper.application; includeInIndex = 0; path = "Heart Beat.app"; sourceTree = BUILT_PRODUCTS_DIR; };
		33E96D971A8BA9F0006B656E /* Info.plist */ = {isa = PBXFileReference; lastKnownFileType = text.plist.xml; path = Info.plist; sourceTree = "<group>"; };
		33E96D981A8BA9F0006B656E /* main.m */ = {isa = PBXFileReference; lastKnownFileType = sourcecode.c.objc; path = main.m; sourceTree = "<group>"; };
		33E96D9A1A8BA9F0006B656E /* AppDelegate.h */ = {isa = PBXFileReference; lastKnownFileType = sourcecode.c.h; path = AppDelegate.h; sourceTree = "<group>"; };
		33E96D9B1A8BA9F0006B656E /* AppDelegate.m */ = {isa = PBXFileReference; lastKnownFileType = sourcecode.c.objc; path = AppDelegate.m; sourceTree = "<group>"; };
		33E96D9D1A8BA9F0006B656E /* MainVC.h */ = {isa = PBXFileReference; lastKnownFileType = sourcecode.c.h; path = MainVC.h; sourceTree = "<group>"; };
		33E96D9E1A8BA9F0006B656E /* MainVC.m */ = {isa = PBXFileReference; lastKnownFileType = sourcecode.c.objc; path = MainVC.m; sourceTree = "<group>"; };
		33E96DA11A8BA9F0006B656E /* Base */ = {isa = PBXFileReference; lastKnownFileType = file.storyboard; name = Base; path = Base.lproj/Main.storyboard; sourceTree = "<group>"; };
		33E96DA31A8BA9F0006B656E /* Images.xcassets */ = {isa = PBXFileReference; lastKnownFileType = folder.assetcatalog; path = Images.xcassets; sourceTree = "<group>"; };
		33E96DA61A8BA9F0006B656E /* Base */ = {isa = PBXFileReference; lastKnownFileType = file.xib; name = Base; path = Base.lproj/LaunchScreen.xib; sourceTree = "<group>"; };
		33E96DAC1A8BA9F0006B656E /* Heart BeatTests.xctest */ = {isa = PBXFileReference; explicitFileType = wrapper.cfbundle; includeInIndex = 0; path = "Heart BeatTests.xctest"; sourceTree = BUILT_PRODUCTS_DIR; };
		33E96DB11A8BA9F0006B656E /* Info.plist */ = {isa = PBXFileReference; lastKnownFileType = text.plist.xml; path = Info.plist; sourceTree = "<group>"; };
		33E96DB21A8BA9F0006B656E /* Heart_BeatTests.m */ = {isa = PBXFileReference; lastKnownFileType = sourcecode.c.objc; path = Heart_BeatTests.m; sourceTree = "<group>"; };
		33E96DBC1A8BAA1C006B656E /* CoreBluetooth.framework */ = {isa = PBXFileReference; lastKnownFileType = wrapper.framework; name = CoreBluetooth.framework; path = System/Library/Frameworks/CoreBluetooth.framework; sourceTree = SDKROOT; };
		33E96DBE1A8C0647006B656E /* SettingVC.h */ = {isa = PBXFileReference; fileEncoding = 4; lastKnownFileType = sourcecode.c.h; path = SettingVC.h; sourceTree = "<group>"; };
		33E96DBF1A8C0647006B656E /* SettingVC.m */ = {isa = PBXFileReference; fileEncoding = 4; lastKnownFileType = sourcecode.c.objc; path = SettingVC.m; sourceTree = "<group>"; };
		33E96DC11A8C1EAD006B656E /* WorkoutVC.h */ = {isa = PBXFileReference; fileEncoding = 4; lastKnownFileType = sourcecode.c.h; path = WorkoutVC.h; sourceTree = "<group>"; };
		33E96DC21A8C1EAD006B656E /* WorkoutVC.m */ = {isa = PBXFileReference; fileEncoding = 4; lastKnownFileType = sourcecode.c.objc; path = WorkoutVC.m; sourceTree = "<group>"; };
		33E96DC41A8C1EC2006B656E /* HistoryVC.h */ = {isa = PBXFileReference; fileEncoding = 4; lastKnownFileType = sourcecode.c.h; path = HistoryVC.h; sourceTree = "<group>"; };
		33E96DC51A8C1EC2006B656E /* HistoryVC.m */ = {isa = PBXFileReference; fileEncoding = 4; lastKnownFileType = sourcecode.c.objc; path = HistoryVC.m; sourceTree = "<group>"; };
		33E96DC71A8C44AA006B656E /* Images-2.xcassets */ = {isa = PBXFileReference; lastKnownFileType = folder.assetcatalog; path = "Images-2.xcassets"; sourceTree = "<group>"; };
		33E96DCB1A8C504E006B656E /* NSTimer+Pause.h */ = {isa = PBXFileReference; fileEncoding = 4; lastKnownFileType = sourcecode.c.h; path = "NSTimer+Pause.h"; sourceTree = "<group>"; };
		33E96DCC1A8C504E006B656E /* NSTimer+Pause.m */ = {isa = PBXFileReference; fileEncoding = 4; lastKnownFileType = sourcecode.c.objc; path = "NSTimer+Pause.m"; sourceTree = "<group>"; };
		33E96FB91A8D5B51006B656E /* LoginVC.h */ = {isa = PBXFileReference; fileEncoding = 4; lastKnownFileType = sourcecode.c.h; path = LoginVC.h; sourceTree = "<group>"; };
		33E96FBA1A8D5B51006B656E /* LoginVC.m */ = {isa = PBXFileReference; fileEncoding = 4; lastKnownFileType = sourcecode.c.objc; path = LoginVC.m; sourceTree = "<group>"; };
		33E96FBE1A8EFEAC006B656E /* AudioToolbox.framework */ = {isa = PBXFileReference; lastKnownFileType = wrapper.framework; name = AudioToolbox.framework; path = System/Library/Frameworks/AudioToolbox.framework; sourceTree = SDKROOT; };
		33E96FC01A8EFEB6006B656E /* CFNetwork.framework */ = {isa = PBXFileReference; lastKnownFileType = wrapper.framework; name = CFNetwork.framework; path = System/Library/Frameworks/CFNetwork.framework; sourceTree = SDKROOT; };
		33E96FC21A8EFEBD006B656E /* CoreGraphics.framework */ = {isa = PBXFileReference; lastKnownFileType = wrapper.framework; name = CoreGraphics.framework; path = System/Library/Frameworks/CoreGraphics.framework; sourceTree = SDKROOT; };
		33E96FC41A8EFEC6006B656E /* CoreLocation.framework */ = {isa = PBXFileReference; lastKnownFileType = wrapper.framework; name = CoreLocation.framework; path = System/Library/Frameworks/CoreLocation.framework; sourceTree = SDKROOT; };
		33E96FC61A8EFED1006B656E /* MobileCoreServices.framework */ = {isa = PBXFileReference; lastKnownFileType = wrapper.framework; name = MobileCoreServices.framework; path = System/Library/Frameworks/MobileCoreServices.framework; sourceTree = SDKROOT; };
		33E96FC81A8EFED8006B656E /* QuartzCore.framework */ = {isa = PBXFileReference; lastKnownFileType = wrapper.framework; name = QuartzCore.framework; path = System/Library/Frameworks/QuartzCore.framework; sourceTree = SDKROOT; };
		33E96FCA1A8EFEDE006B656E /* Security.framework */ = {isa = PBXFileReference; lastKnownFileType = wrapper.framework; name = Security.framework; path = System/Library/Frameworks/Security.framework; sourceTree = SDKROOT; };
		33E96FCC1A8EFEE7006B656E /* StoreKit.framework */ = {isa = PBXFileReference; lastKnownFileType = wrapper.framework; name = StoreKit.framework; path = System/Library/Frameworks/StoreKit.framework; sourceTree = SDKROOT; };
		33E96FCE1A8EFEEE006B656E /* SystemConfiguration.framework */ = {isa = PBXFileReference; lastKnownFileType = wrapper.framework; name = SystemConfiguration.framework; path = System/Library/Frameworks/SystemConfiguration.framework; sourceTree = SDKROOT; };
		33E96FD01A8EFEFB006B656E /* libz.dylib */ = {isa = PBXFileReference; lastKnownFileType = "compiled.mach-o.dylib"; name = libz.dylib; path = usr/lib/libz.dylib; sourceTree = SDKROOT; };
		33E96FD21A8EFF02006B656E /* libsqlite3.dylib */ = {isa = PBXFileReference; lastKnownFileType = "compiled.mach-o.dylib"; name = libsqlite3.dylib; path = usr/lib/libsqlite3.dylib; sourceTree = SDKROOT; };
		33E96FD61A8F0A53006B656E /* Accounts.framework */ = {isa = PBXFileReference; lastKnownFileType = wrapper.framework; name = Accounts.framework; path = System/Library/Frameworks/Accounts.framework; sourceTree = SDKROOT; };
		33E96FD81A8F0A5B006B656E /* Social.framework */ = {isa = PBXFileReference; lastKnownFileType = wrapper.framework; name = Social.framework; path = System/Library/Frameworks/Social.framework; sourceTree = SDKROOT; };
		33E96FDA1A8FA092006B656E /* WorkoutSummaryVC.h */ = {isa = PBXFileReference; fileEncoding = 4; lastKnownFileType = sourcecode.c.h; path = WorkoutSummaryVC.h; sourceTree = "<group>"; };
		33E96FDB1A8FA092006B656E /* WorkoutSummaryVC.m */ = {isa = PBXFileReference; fileEncoding = 4; lastKnownFileType = sourcecode.c.objc; path = WorkoutSummaryVC.m; sourceTree = "<group>"; };
		33E96FEB1A8FB94D006B656E /* BEMCircle.h */ = {isa = PBXFileReference; fileEncoding = 4; lastKnownFileType = sourcecode.c.h; path = BEMCircle.h; sourceTree = "<group>"; };
		33E96FEC1A8FB94D006B656E /* BEMCircle.m */ = {isa = PBXFileReference; fileEncoding = 4; lastKnownFileType = sourcecode.c.objc; path = BEMCircle.m; sourceTree = "<group>"; };
		33E96FED1A8FB94D006B656E /* BEMLine.h */ = {isa = PBXFileReference; fileEncoding = 4; lastKnownFileType = sourcecode.c.h; path = BEMLine.h; sourceTree = "<group>"; };
		33E96FEE1A8FB94D006B656E /* BEMLine.m */ = {isa = PBXFileReference; fileEncoding = 4; lastKnownFileType = sourcecode.c.objc; path = BEMLine.m; sourceTree = "<group>"; };
		33E96FEF1A8FB94D006B656E /* BEMPermanentPopupView.h */ = {isa = PBXFileReference; fileEncoding = 4; lastKnownFileType = sourcecode.c.h; path = BEMPermanentPopupView.h; sourceTree = "<group>"; };
		33E96FF01A8FB94D006B656E /* BEMPermanentPopupView.m */ = {isa = PBXFileReference; fileEncoding = 4; lastKnownFileType = sourcecode.c.objc; path = BEMPermanentPopupView.m; sourceTree = "<group>"; };
		33E96FF11A8FB94D006B656E /* BEMSimpleLineGraphView.h */ = {isa = PBXFileReference; fileEncoding = 4; lastKnownFileType = sourcecode.c.h; path = BEMSimpleLineGraphView.h; sourceTree = "<group>"; };
		33E96FF21A8FB94D006B656E /* BEMSimpleLineGraphView.m */ = {isa = PBXFileReference; fileEncoding = 4; lastKnownFileType = sourcecode.c.objc; path = BEMSimpleLineGraphView.m; sourceTree = "<group>"; };
/* End PBXFileReference section */

/* Begin PBXFrameworksBuildPhase section */
		33237C8E1B16843600982CCD /* Frameworks */ = {
			isa = PBXFrameworksBuildPhase;
			buildActionMask = 2147483647;
			files = (
			);
			runOnlyForDeploymentPostprocessing = 0;
		};
		33E96D901A8BA9F0006B656E /* Frameworks */ = {
			isa = PBXFrameworksBuildPhase;
			buildActionMask = 2147483647;
			files = (
				33802A1E1AA9639800D80DD7 /* libc++.1.dylib in Frameworks */,
				33802A1C1AA9638700D80DD7 /* AVFoundation.framework in Frameworks */,
				339468C61C617E8D006B0EEB /* FBSDKCoreKit.framework in Frameworks */,
				33802A1A1AA9637F00D80DD7 /* CoreAudio.framework in Frameworks */,
				339468CA1C62D086006B0EEB /* Parse.framework in Frameworks */,
				33802A181AA9637700D80DD7 /* CoreMedia.framework in Frameworks */,
				33E96FBF1A8EFEAC006B656E /* AudioToolbox.framework in Frameworks */,
				33DE29481AA7D350001898C2 /* libstdc++.6.0.9.dylib in Frameworks */,
				33E96FD31A8EFF02006B656E /* libsqlite3.dylib in Frameworks */,
				339468C81C61C546006B0EEB /* Bolts.framework in Frameworks */,
				33E96FD11A8EFEFB006B656E /* libz.dylib in Frameworks */,
				33E96FC51A8EFEC6006B656E /* CoreLocation.framework in Frameworks */,
				33BEA2631C6C03DC0007E94A /* CloudKit.framework in Frameworks */,
				336709F01C41FD8C00993A58 /* FBSDKLoginKit.framework in Frameworks */,
				3380CFAF1A9BA70100930DCA /* MapKit.framework in Frameworks */,
				33E96FD91A8F0A5B006B656E /* Social.framework in Frameworks */,
				33E96FD71A8F0A53006B656E /* Accounts.framework in Frameworks */,
				33E96FCF1A8EFEEE006B656E /* SystemConfiguration.framework in Frameworks */,
				33E96FCD1A8EFEE7006B656E /* StoreKit.framework in Frameworks */,
				3380CFAD1A9B7F3A00930DCA /* HealthKit.framework in Frameworks */,
				33E96FCB1A8EFEDE006B656E /* Security.framework in Frameworks */,
				33E96FC91A8EFED8006B656E /* QuartzCore.framework in Frameworks */,
				33E96FC71A8EFED1006B656E /* MobileCoreServices.framework in Frameworks */,
				3360C4C11CC0E63E006DE57B /* FacebookSDK.framework in Frameworks */,
				33E96FC31A8EFEBD006B656E /* CoreGraphics.framework in Frameworks */,
				33E96FC11A8EFEB6006B656E /* CFNetwork.framework in Frameworks */,
				33E96DBD1A8BAA1C006B656E /* CoreBluetooth.framework in Frameworks */,
			);
			runOnlyForDeploymentPostprocessing = 0;
		};
		33E96DA91A8BA9F0006B656E /* Frameworks */ = {
			isa = PBXFrameworksBuildPhase;
			buildActionMask = 2147483647;
			files = (
			);
			runOnlyForDeploymentPostprocessing = 0;
		};
/* End PBXFrameworksBuildPhase section */

/* Begin PBXGroup section */
		33237C921B16843600982CCD /* Heart Beat Tests */ = {
			isa = PBXGroup;
			children = (
				33237C951B16843600982CCD /* Heart_Beat_Tests.m */,
				33237C931B16843600982CCD /* Supporting Files */,
			);
			path = "Heart Beat Tests";
			sourceTree = "<group>";
		};
		33237C931B16843600982CCD /* Supporting Files */ = {
			isa = PBXGroup;
			children = (
				33237C941B16843600982CCD /* Info.plist */,
			);
			name = "Supporting Files";
			sourceTree = "<group>";
		};
		33E96D8A1A8BA9F0006B656E = {
			isa = PBXGroup;
			children = (
				33E96D951A8BA9F0006B656E /* Heart Beat */,
				33E96DAF1A8BA9F0006B656E /* Heart BeatTests */,
				33237C921B16843600982CCD /* Heart Beat Tests */,
				33E96D941A8BA9F0006B656E /* Products */,
				3351045F1AB0C99C00E6D29D /* rightArrow.png */,
				335104611AB0CC8E00E6D29D /* leftArrow2.png */,
				335104621AB0CC8E00E6D29D /* rightArrow2.png */,
				3351045B1AB0C94900E6D29D /* leftArrow.png */,
				33B9107D1AB3B49B00B65C2F /* heartNav.png */,
				33B910821AB41B8500B65C2F /* FBLogin.png */,
				33B910841AB41B8C00B65C2F /* TWTRLogin.png */,
				33802A1D1AA9639800D80DD7 /* libc++.1.dylib */,
				33BEA2621C6C03DC0007E94A /* CloudKit.framework */,
				339468C91C62D086006B0EEB /* Parse.framework */,
				33802A1B1AA9638700D80DD7 /* AVFoundation.framework */,
				33802A191AA9637F00D80DD7 /* CoreAudio.framework */,
				33802A171AA9637700D80DD7 /* CoreMedia.framework */,
				33DE29471AA7D350001898C2 /* libstdc++.6.0.9.dylib */,
				3380CFAE1A9BA70100930DCA /* MapKit.framework */,
				3380CFAC1A9B7F3A00930DCA /* HealthKit.framework */,
				33E96FD81A8F0A5B006B656E /* Social.framework */,
				33E96FD61A8F0A53006B656E /* Accounts.framework */,
				33E96FD21A8EFF02006B656E /* libsqlite3.dylib */,
				33E96FD01A8EFEFB006B656E /* libz.dylib */,
				3360C4C01CC0E63E006DE57B /* FacebookSDK.framework */,
				33E96FCE1A8EFEEE006B656E /* SystemConfiguration.framework */,
				33E96FCC1A8EFEE7006B656E /* StoreKit.framework */,
				33E96FCA1A8EFEDE006B656E /* Security.framework */,
				33E96FC81A8EFED8006B656E /* QuartzCore.framework */,
				33E96FC61A8EFED1006B656E /* MobileCoreServices.framework */,
				33E96FC41A8EFEC6006B656E /* CoreLocation.framework */,
				33E96FC21A8EFEBD006B656E /* CoreGraphics.framework */,
				33E96FC01A8EFEB6006B656E /* CFNetwork.framework */,
				33E96FBE1A8EFEAC006B656E /* AudioToolbox.framework */,
				33E96DBC1A8BAA1C006B656E /* CoreBluetooth.framework */,
			);
			sourceTree = "<group>";
		};
		33E96D941A8BA9F0006B656E /* Products */ = {
			isa = PBXGroup;
			children = (
				33E96D931A8BA9F0006B656E /* Heart Beat.app */,
				33E96DAC1A8BA9F0006B656E /* Heart BeatTests.xctest */,
				33237C911B16843600982CCD /* Heart Beat Tests.xctest */,
			);
			name = Products;
			sourceTree = "<group>";
		};
		33E96D951A8BA9F0006B656E /* Heart Beat */ = {
			isa = PBXGroup;
			children = (
				331E54131A99153D004F2AA1 /* Heart Beat.entitlements */,
				33E96DA01A8BA9F0006B656E /* Main.storyboard */,
				33E96D9A1A8BA9F0006B656E /* AppDelegate.h */,
				33E96D9B1A8BA9F0006B656E /* AppDelegate.m */,
				331E54141A991585004F2AA1 /* BaseVC.h */,
				331E54151A991585004F2AA1 /* BaseVC.m */,
				33E96D9D1A8BA9F0006B656E /* MainVC.h */,
				33E96D9E1A8BA9F0006B656E /* MainVC.m */,
				33E96FB91A8D5B51006B656E /* LoginVC.h */,
				33E96FBA1A8D5B51006B656E /* LoginVC.m */,
				33E96DBE1A8C0647006B656E /* SettingVC.h */,
				33E96DBF1A8C0647006B656E /* SettingVC.m */,
				33E96DC11A8C1EAD006B656E /* WorkoutVC.h */,
				33E96DC21A8C1EAD006B656E /* WorkoutVC.m */,
				33272D2F1AAA537E00D60414 /* EndWorkoutVC.h */,
				33272D301AAA537E00D60414 /* EndWorkoutVC.m */,
				33E96DC41A8C1EC2006B656E /* HistoryVC.h */,
				33E96DC51A8C1EC2006B656E /* HistoryVC.m */,
				33E96FDA1A8FA092006B656E /* WorkoutSummaryVC.h */,
				33E96FDB1A8FA092006B656E /* WorkoutSummaryVC.m */,
				3380CFA71A9AA71A00930DCA /* WorkoutTypeVC.h */,
				3380CFA81A9AA71A00930DCA /* WorkoutTypeVC.m */,
				33B9107F1AB3D8A700B65C2F /* AudioCuesTVC.h */,
				33B910801AB3D8A700B65C2F /* AudioCuesTVC.m */,
				33E96DA31A8BA9F0006B656E /* Images.xcassets */,
				33E96DC71A8C44AA006B656E /* Images-2.xcassets */,
				33E96DA51A8BA9F0006B656E /* LaunchScreen.xib */,
				33E96D961A8BA9F0006B656E /* Supporting Files */,
				33E96DD21A8D58A9006B656E /* Frameworks */,
			);
			path = "Heart Beat";
			sourceTree = "<group>";
		};
		33E96D961A8BA9F0006B656E /* Supporting Files */ = {
			isa = PBXGroup;
			children = (
				33BEA25F1C6C02330007E94A /* CloudManager.h */,
				33BEA2601C6C02330007E94A /* CloudManager.m */,
				33073AE91AB93EB500BDD528 /* WorkoutObject.h */,
				33073AEA1AB93EB500BDD528 /* WorkoutObject.m */,
				339BDA861AB22CA200FFB269 /* SettingsTableViewCell.h */,
				339BDA871AB22CA200FFB269 /* SettingsTableViewCell.m */,
				33802A161AA962A500D80DD7 /* HeartRateData.h */,
				33802A151AA962A500D80DD7 /* HeartRateCoreSDK.h */,
				3380CFB01A9E856500930DCA /* Pin.h */,
				3380CFB11A9E856500930DCA /* Pin.m */,
				331E54171A992244004F2AA1 /* HKHealthStore+AAPLExtensions.h */,
				331E54181A992244004F2AA1 /* HKHealthStore+AAPLExtensions.m */,
				33E96D971A8BA9F0006B656E /* Info.plist */,
				33E96D981A8BA9F0006B656E /* main.m */,
				33E96DCB1A8C504E006B656E /* NSTimer+Pause.h */,
				33E96DCC1A8C504E006B656E /* NSTimer+Pause.m */,
				333465F31A96DFA000E4C836 /* YZSwipeBetweenViewController.h */,
				333465F41A96DFA000E4C836 /* YZSwipeBetweenViewController.m */,
			);
			name = "Supporting Files";
			sourceTree = "<group>";
		};
		33E96DAF1A8BA9F0006B656E /* Heart BeatTests */ = {
			isa = PBXGroup;
			children = (
				33E96DB21A8BA9F0006B656E /* Heart_BeatTests.m */,
				33E96DB01A8BA9F0006B656E /* Supporting Files */,
			);
			path = "Heart BeatTests";
			sourceTree = "<group>";
		};
		33E96DB01A8BA9F0006B656E /* Supporting Files */ = {
			isa = PBXGroup;
			children = (
				33E96DB11A8BA9F0006B656E /* Info.plist */,
			);
			name = "Supporting Files";
			sourceTree = "<group>";
		};
		33E96DD21A8D58A9006B656E /* Frameworks */ = {
			isa = PBXGroup;
			children = (
				339468C71C61C546006B0EEB /* Bolts.framework */,
				339468C51C617E8D006B0EEB /* FBSDKCoreKit.framework */,
				336709EF1C41FD8C00993A58 /* FBSDKLoginKit.framework */,
				33E96FEA1A8FB94D006B656E /* BEMSimpleLineGraph */,
			);
			name = Frameworks;
			sourceTree = "<group>";
		};
		33E96FEA1A8FB94D006B656E /* BEMSimpleLineGraph */ = {
			isa = PBXGroup;
			children = (
				33E96FEB1A8FB94D006B656E /* BEMCircle.h */,
				33E96FEC1A8FB94D006B656E /* BEMCircle.m */,
				33E96FED1A8FB94D006B656E /* BEMLine.h */,
				33E96FEE1A8FB94D006B656E /* BEMLine.m */,
				33E96FEF1A8FB94D006B656E /* BEMPermanentPopupView.h */,
				33E96FF01A8FB94D006B656E /* BEMPermanentPopupView.m */,
				33E96FF11A8FB94D006B656E /* BEMSimpleLineGraphView.h */,
				33E96FF21A8FB94D006B656E /* BEMSimpleLineGraphView.m */,
			);
			path = BEMSimpleLineGraph;
			sourceTree = "<group>";
		};
/* End PBXGroup section */

/* Begin PBXNativeTarget section */
		33237C901B16843600982CCD /* Heart Beat Tests */ = {
			isa = PBXNativeTarget;
			buildConfigurationList = 33237C9B1B16843700982CCD /* Build configuration list for PBXNativeTarget "Heart Beat Tests" */;
			buildPhases = (
				33237C8D1B16843600982CCD /* Sources */,
				33237C8E1B16843600982CCD /* Frameworks */,
				33237C8F1B16843600982CCD /* Resources */,
			);
			buildRules = (
			);
			dependencies = (
				33237C981B16843600982CCD /* PBXTargetDependency */,
			);
			name = "Heart Beat Tests";
			productName = "Heart Beat Tests";
			productReference = 33237C911B16843600982CCD /* Heart Beat Tests.xctest */;
			productType = "com.apple.product-type.bundle.unit-test";
		};
		33E96D921A8BA9F0006B656E /* Heart Beat */ = {
			isa = PBXNativeTarget;
			buildConfigurationList = 33E96DB61A8BA9F0006B656E /* Build configuration list for PBXNativeTarget "Heart Beat" */;
			buildPhases = (
				33E96D8F1A8BA9F0006B656E /* Sources */,
				33E96D901A8BA9F0006B656E /* Frameworks */,
				33E96D911A8BA9F0006B656E /* Resources */,
			);
			buildRules = (
			);
			dependencies = (
			);
			name = "Heart Beat";
			productName = "Heart Beat";
			productReference = 33E96D931A8BA9F0006B656E /* Heart Beat.app */;
			productType = "com.apple.product-type.application";
		};
		33E96DAB1A8BA9F0006B656E /* Heart BeatTests */ = {
			isa = PBXNativeTarget;
			buildConfigurationList = 33E96DB91A8BA9F0006B656E /* Build configuration list for PBXNativeTarget "Heart BeatTests" */;
			buildPhases = (
				33E96DA81A8BA9F0006B656E /* Sources */,
				33E96DA91A8BA9F0006B656E /* Frameworks */,
				33E96DAA1A8BA9F0006B656E /* Resources */,
			);
			buildRules = (
			);
			dependencies = (
				33E96DAE1A8BA9F0006B656E /* PBXTargetDependency */,
			);
			name = "Heart BeatTests";
			productName = "Heart BeatTests";
			productReference = 33E96DAC1A8BA9F0006B656E /* Heart BeatTests.xctest */;
			productType = "com.apple.product-type.bundle.unit-test";
		};
/* End PBXNativeTarget section */

/* Begin PBXProject section */
		33E96D8B1A8BA9F0006B656E /* Project object */ = {
			isa = PBXProject;
			attributes = {
				LastUpgradeCheck = 0720;
				ORGANIZATIONNAME = inailuy;
				TargetAttributes = {
					33237C901B16843600982CCD = {
						CreatedOnToolsVersion = 6.3.2;
						TestTargetID = 33E96D921A8BA9F0006B656E;
					};
					33E96D921A8BA9F0006B656E = {
						CreatedOnToolsVersion = 6.1.1;
						DevelopmentTeam = K8YR4WT3S5;
						SystemCapabilities = {
							com.apple.HealthKit = {
								enabled = 1;
							};
							com.apple.Maps.iOS = {
								enabled = 1;
							};
							com.apple.iCloud = {
								enabled = 1;
							};
						};
					};
					33E96DAB1A8BA9F0006B656E = {
						CreatedOnToolsVersion = 6.1.1;
						TestTargetID = 33E96D921A8BA9F0006B656E;
					};
				};
			};
			buildConfigurationList = 33E96D8E1A8BA9F0006B656E /* Build configuration list for PBXProject "Heart Beat" */;
			compatibilityVersion = "Xcode 3.2";
			developmentRegion = English;
			hasScannedForEncodings = 0;
			knownRegions = (
				en,
				Base,
				he,
			);
			mainGroup = 33E96D8A1A8BA9F0006B656E;
			productRefGroup = 33E96D941A8BA9F0006B656E /* Products */;
			projectDirPath = "";
			projectRoot = "";
			targets = (
				33E96D921A8BA9F0006B656E /* Heart Beat */,
				33E96DAB1A8BA9F0006B656E /* Heart BeatTests */,
				33237C901B16843600982CCD /* Heart Beat Tests */,
			);
		};
/* End PBXProject section */

/* Begin PBXResourcesBuildPhase section */
		33237C8F1B16843600982CCD /* Resources */ = {
			isa = PBXResourcesBuildPhase;
			buildActionMask = 2147483647;
			files = (
			);
			runOnlyForDeploymentPostprocessing = 0;
		};
		33E96D911A8BA9F0006B656E /* Resources */ = {
			isa = PBXResourcesBuildPhase;
			buildActionMask = 2147483647;
			files = (
				335104601AB0C99C00E6D29D /* rightArrow.png in Resources */,
				33B910831AB41B8500B65C2F /* FBLogin.png in Resources */,
				3351045D1AB0C94900E6D29D /* leftArrow.png in Resources */,
				335104631AB0CC8E00E6D29D /* leftArrow2.png in Resources */,
				33B910851AB41B8C00B65C2F /* TWTRLogin.png in Resources */,
				33E96DA21A8BA9F0006B656E /* Main.storyboard in Resources */,
				33E96DA71A8BA9F0006B656E /* LaunchScreen.xib in Resources */,
				335104641AB0CC8E00E6D29D /* rightArrow2.png in Resources */,
				33B9107E1AB3B49B00B65C2F /* heartNav.png in Resources */,
				33E96DC81A8C44AA006B656E /* Images-2.xcassets in Resources */,
				33E96DA41A8BA9F0006B656E /* Images.xcassets in Resources */,
			);
			runOnlyForDeploymentPostprocessing = 0;
		};
		33E96DAA1A8BA9F0006B656E /* Resources */ = {
			isa = PBXResourcesBuildPhase;
			buildActionMask = 2147483647;
			files = (
			);
			runOnlyForDeploymentPostprocessing = 0;
		};
/* End PBXResourcesBuildPhase section */

/* Begin PBXSourcesBuildPhase section */
		33237C8D1B16843600982CCD /* Sources */ = {
			isa = PBXSourcesBuildPhase;
			buildActionMask = 2147483647;
			files = (
				33237C961B16843600982CCD /* Heart_Beat_Tests.m in Sources */,
			);
			runOnlyForDeploymentPostprocessing = 0;
		};
		33E96D8F1A8BA9F0006B656E /* Sources */ = {
			isa = PBXSourcesBuildPhase;
			buildActionMask = 2147483647;
			files = (
				33E96FF41A8FB94D006B656E /* BEMLine.m in Sources */,
				3380CFA91A9AA71A00930DCA /* WorkoutTypeVC.m in Sources */,
				333465F51A96DFA000E4C836 /* YZSwipeBetweenViewController.m in Sources */,
				33E96FF31A8FB94D006B656E /* BEMCircle.m in Sources */,
				33073AEB1AB93EB500BDD528 /* WorkoutObject.m in Sources */,
				33BEA2611C6C02330007E94A /* CloudManager.m in Sources */,
				331E54161A991585004F2AA1 /* BaseVC.m in Sources */,
				33E96D9F1A8BA9F0006B656E /* MainVC.m in Sources */,
				33E96FF51A8FB94D006B656E /* BEMPermanentPopupView.m in Sources */,
				33E96DC31A8C1EAD006B656E /* WorkoutVC.m in Sources */,
				33E96DC01A8C0647006B656E /* SettingVC.m in Sources */,
				331E54191A992244004F2AA1 /* HKHealthStore+AAPLExtensions.m in Sources */,
				33B910811AB3D8A700B65C2F /* AudioCuesTVC.m in Sources */,
				33E96FF61A8FB94D006B656E /* BEMSimpleLineGraphView.m in Sources */,
				33E96DC61A8C1EC2006B656E /* HistoryVC.m in Sources */,
				33E96D9C1A8BA9F0006B656E /* AppDelegate.m in Sources */,
				33272D311AAA537E00D60414 /* EndWorkoutVC.m in Sources */,
				339BDA881AB22CA200FFB269 /* SettingsTableViewCell.m in Sources */,
				33E96D991A8BA9F0006B656E /* main.m in Sources */,
				33E96FBB1A8D5B51006B656E /* LoginVC.m in Sources */,
				3380CFB21A9E856500930DCA /* Pin.m in Sources */,
				33E96FDC1A8FA092006B656E /* WorkoutSummaryVC.m in Sources */,
				33E96DCD1A8C504E006B656E /* NSTimer+Pause.m in Sources */,
			);
			runOnlyForDeploymentPostprocessing = 0;
		};
		33E96DA81A8BA9F0006B656E /* Sources */ = {
			isa = PBXSourcesBuildPhase;
			buildActionMask = 2147483647;
			files = (
				33E96DB31A8BA9F0006B656E /* Heart_BeatTests.m in Sources */,
			);
			runOnlyForDeploymentPostprocessing = 0;
		};
/* End PBXSourcesBuildPhase section */

/* Begin PBXTargetDependency section */
		33237C981B16843600982CCD /* PBXTargetDependency */ = {
			isa = PBXTargetDependency;
			target = 33E96D921A8BA9F0006B656E /* Heart Beat */;
			targetProxy = 33237C971B16843600982CCD /* PBXContainerItemProxy */;
		};
		33E96DAE1A8BA9F0006B656E /* PBXTargetDependency */ = {
			isa = PBXTargetDependency;
			target = 33E96D921A8BA9F0006B656E /* Heart Beat */;
			targetProxy = 33E96DAD1A8BA9F0006B656E /* PBXContainerItemProxy */;
		};
/* End PBXTargetDependency section */

/* Begin PBXVariantGroup section */
		33E96DA01A8BA9F0006B656E /* Main.storyboard */ = {
			isa = PBXVariantGroup;
			children = (
				33E96DA11A8BA9F0006B656E /* Base */,
			);
			name = Main.storyboard;
			sourceTree = "<group>";
		};
		33E96DA51A8BA9F0006B656E /* LaunchScreen.xib */ = {
			isa = PBXVariantGroup;
			children = (
				33E96DA61A8BA9F0006B656E /* Base */,
			);
			name = LaunchScreen.xib;
			sourceTree = "<group>";
		};
/* End PBXVariantGroup section */

/* Begin XCBuildConfiguration section */
		33237C991B16843700982CCD /* Debug */ = {
			isa = XCBuildConfiguration;
			buildSettings = {
				BUNDLE_LOADER = "$(TEST_HOST)";
				DEBUG_INFORMATION_FORMAT = "dwarf-with-dsym";
				FRAMEWORK_SEARCH_PATHS = (
					"$(SDKROOT)/Developer/Library/Frameworks",
					"$(inherited)",
				);
				GCC_NO_COMMON_BLOCKS = YES;
				GCC_PREPROCESSOR_DEFINITIONS = (
					"DEBUG=1",
					"$(inherited)",
				);
				INFOPLIST_FILE = "Heart Beat Tests/Info.plist";
				IPHONEOS_DEPLOYMENT_TARGET = 8.3;
				LD_RUNPATH_SEARCH_PATHS = "$(inherited) @executable_path/Frameworks @loader_path/Frameworks";
				PRODUCT_BUNDLE_IDENTIFIER = "inailuy.$(PRODUCT_NAME:rfc1034identifier)";
				PRODUCT_NAME = "$(TARGET_NAME)";
				TEST_HOST = "$(BUILT_PRODUCTS_DIR)/Heart Beat.app/Heart Beat";
			};
			name = Debug;
		};
		33237C9A1B16843700982CCD /* Release */ = {
			isa = XCBuildConfiguration;
			buildSettings = {
				BUNDLE_LOADER = "$(TEST_HOST)";
				COPY_PHASE_STRIP = NO;
				DEBUG_INFORMATION_FORMAT = "dwarf-with-dsym";
				FRAMEWORK_SEARCH_PATHS = (
					"$(SDKROOT)/Developer/Library/Frameworks",
					"$(inherited)",
				);
				GCC_NO_COMMON_BLOCKS = YES;
				INFOPLIST_FILE = "Heart Beat Tests/Info.plist";
				IPHONEOS_DEPLOYMENT_TARGET = 8.3;
				LD_RUNPATH_SEARCH_PATHS = "$(inherited) @executable_path/Frameworks @loader_path/Frameworks";
				PRODUCT_BUNDLE_IDENTIFIER = "inailuy.$(PRODUCT_NAME:rfc1034identifier)";
				PRODUCT_NAME = "$(TARGET_NAME)";
				TEST_HOST = "$(BUILT_PRODUCTS_DIR)/Heart Beat.app/Heart Beat";
			};
			name = Release;
		};
		33E96DB41A8BA9F0006B656E /* Debug */ = {
			isa = XCBuildConfiguration;
			buildSettings = {
				ALWAYS_SEARCH_USER_PATHS = NO;
				CLANG_CXX_LANGUAGE_STANDARD = "gnu++0x";
				CLANG_CXX_LIBRARY = "libc++";
				CLANG_ENABLE_MODULES = YES;
				CLANG_ENABLE_OBJC_ARC = YES;
				CLANG_WARN_BOOL_CONVERSION = YES;
				CLANG_WARN_CONSTANT_CONVERSION = YES;
				CLANG_WARN_DIRECT_OBJC_ISA_USAGE = YES_ERROR;
				CLANG_WARN_EMPTY_BODY = YES;
				CLANG_WARN_ENUM_CONVERSION = YES;
				CLANG_WARN_INT_CONVERSION = YES;
				CLANG_WARN_OBJC_ROOT_CLASS = YES_ERROR;
				CLANG_WARN_UNREACHABLE_CODE = YES;
				CLANG_WARN__DUPLICATE_METHOD_MATCH = YES;
				"CODE_SIGN_IDENTITY[sdk=iphoneos*]" = "iPhone Developer";
				COPY_PHASE_STRIP = NO;
				ENABLE_STRICT_OBJC_MSGSEND = YES;
				ENABLE_TESTABILITY = YES;
				GCC_C_LANGUAGE_STANDARD = gnu99;
				GCC_DYNAMIC_NO_PIC = NO;
				GCC_OPTIMIZATION_LEVEL = 0;
				GCC_PREPROCESSOR_DEFINITIONS = (
					"DEBUG=1",
					"$(inherited)",
				);
				GCC_SYMBOLS_PRIVATE_EXTERN = NO;
				GCC_WARN_64_TO_32_BIT_CONVERSION = YES;
				GCC_WARN_ABOUT_RETURN_TYPE = YES_ERROR;
				GCC_WARN_UNDECLARED_SELECTOR = YES;
				GCC_WARN_UNINITIALIZED_AUTOS = YES_AGGRESSIVE;
				GCC_WARN_UNUSED_FUNCTION = YES;
				GCC_WARN_UNUSED_VARIABLE = YES;
				IPHONEOS_DEPLOYMENT_TARGET = 8.1;
				MTL_ENABLE_DEBUG_INFO = YES;
				ONLY_ACTIVE_ARCH = YES;
				SDKROOT = iphoneos;
				TARGETED_DEVICE_FAMILY = "1,2";
			};
			name = Debug;
		};
		33E96DB51A8BA9F0006B656E /* Release */ = {
			isa = XCBuildConfiguration;
			buildSettings = {
				ALWAYS_SEARCH_USER_PATHS = NO;
				CLANG_CXX_LANGUAGE_STANDARD = "gnu++0x";
				CLANG_CXX_LIBRARY = "libc++";
				CLANG_ENABLE_MODULES = YES;
				CLANG_ENABLE_OBJC_ARC = YES;
				CLANG_WARN_BOOL_CONVERSION = YES;
				CLANG_WARN_CONSTANT_CONVERSION = YES;
				CLANG_WARN_DIRECT_OBJC_ISA_USAGE = YES_ERROR;
				CLANG_WARN_EMPTY_BODY = YES;
				CLANG_WARN_ENUM_CONVERSION = YES;
				CLANG_WARN_INT_CONVERSION = YES;
				CLANG_WARN_OBJC_ROOT_CLASS = YES_ERROR;
				CLANG_WARN_UNREACHABLE_CODE = YES;
				CLANG_WARN__DUPLICATE_METHOD_MATCH = YES;
				"CODE_SIGN_IDENTITY[sdk=iphoneos*]" = "iPhone Developer";
				COPY_PHASE_STRIP = YES;
				ENABLE_NS_ASSERTIONS = NO;
				ENABLE_STRICT_OBJC_MSGSEND = YES;
				GCC_C_LANGUAGE_STANDARD = gnu99;
				GCC_WARN_64_TO_32_BIT_CONVERSION = YES;
				GCC_WARN_ABOUT_RETURN_TYPE = YES_ERROR;
				GCC_WARN_UNDECLARED_SELECTOR = YES;
				GCC_WARN_UNINITIALIZED_AUTOS = YES_AGGRESSIVE;
				GCC_WARN_UNUSED_FUNCTION = YES;
				GCC_WARN_UNUSED_VARIABLE = YES;
				IPHONEOS_DEPLOYMENT_TARGET = 8.1;
				MTL_ENABLE_DEBUG_INFO = NO;
				SDKROOT = iphoneos;
				TARGETED_DEVICE_FAMILY = "1,2";
				VALIDATE_PRODUCT = YES;
			};
			name = Release;
		};
		33E96DB71A8BA9F0006B656E /* Debug */ = {
			isa = XCBuildConfiguration;
			buildSettings = {
				ASSETCATALOG_COMPILER_APPICON_NAME = AppIcon;
				ASSETCATALOG_COMPILER_LAUNCHIMAGE_NAME = LaunchImage;
				CODE_SIGN_ENTITLEMENTS = "Heart Beat/Heart Beat.entitlements";
				CODE_SIGN_IDENTITY = "iPhone Developer";
				"CODE_SIGN_IDENTITY[sdk=iphoneos*]" = "iPhone Developer";
				ENABLE_BITCODE = NO;
				FRAMEWORK_SEARCH_PATHS = (
					"$(inherited)",
					"$(PROJECT_DIR)/Heart",
					Beat,
					"$(PROJECT_DIR)/Heart",
					Beat,
					"$(PROJECT_DIR)/Heart",
					Beat,
					"$(PROJECT_DIR)/Heart",
					Beat,
					"$(PROJECT_DIR)/Heart",
					Beat,
				);
				INFOPLIST_FILE = "Heart Beat/Info.plist";
				LD_RUNPATH_SEARCH_PATHS = "$(inherited) @executable_path/Frameworks";
				LIBRARY_SEARCH_PATHS = "";
				ONLY_ACTIVE_ARCH = NO;
				OTHER_LDFLAGS = "-weak-lSystem";
				PRODUCT_BUNDLE_IDENTIFIER = "com.$(PRODUCT_NAME:rfc1034identifier).ble";
				PRODUCT_NAME = "$(TARGET_NAME)";
				PROVISIONING_PROFILE = "";
				VALID_ARCHS = "armv7 armv7s arm64";
			};
			name = Debug;
		};
		33E96DB81A8BA9F0006B656E /* Release */ = {
			isa = XCBuildConfiguration;
			buildSettings = {
				ASSETCATALOG_COMPILER_APPICON_NAME = AppIcon;
				ASSETCATALOG_COMPILER_LAUNCHIMAGE_NAME = LaunchImage;
				CODE_SIGN_ENTITLEMENTS = "Heart Beat/Heart Beat.entitlements";
				CODE_SIGN_IDENTITY = "iPhone Developer";
				"CODE_SIGN_IDENTITY[sdk=iphoneos*]" = "iPhone Developer";
				ENABLE_BITCODE = NO;
				FRAMEWORK_SEARCH_PATHS = (
					"$(inherited)",
					"$(PROJECT_DIR)/Heart",
					Beat,
					"$(PROJECT_DIR)/Heart",
					Beat,
					"$(PROJECT_DIR)/Heart",
					Beat,
					"$(PROJECT_DIR)/Heart",
					Beat,
					"$(PROJECT_DIR)/Heart",
					Beat,
				);
				INFOPLIST_FILE = "Heart Beat/Info.plist";
				LD_RUNPATH_SEARCH_PATHS = "$(inherited) @executable_path/Frameworks";
				LIBRARY_SEARCH_PATHS = "";
				OTHER_LDFLAGS = "-weak-lSystem";
				PRODUCT_BUNDLE_IDENTIFIER = "com.$(PRODUCT_NAME:rfc1034identifier).ble";
				PRODUCT_NAME = "$(TARGET_NAME)";
				PROVISIONING_PROFILE = "";
				VALID_ARCHS = "armv7 armv7s arm64";
			};
			name = Release;
		};
		33E96DBA1A8BA9F0006B656E /* Debug */ = {
			isa = XCBuildConfiguration;
			buildSettings = {
				BUNDLE_LOADER = "$(TEST_HOST)";
				FRAMEWORK_SEARCH_PATHS = (
					"$(SDKROOT)/Developer/Library/Frameworks",
					"$(inherited)",
				);
				GCC_PREPROCESSOR_DEFINITIONS = (
					"DEBUG=1",
					"$(inherited)",
				);
				INFOPLIST_FILE = "Heart BeatTests/Info.plist";
				LD_RUNPATH_SEARCH_PATHS = "$(inherited) @executable_path/Frameworks @loader_path/Frameworks";
				PRODUCT_BUNDLE_IDENTIFIER = "inailuy.$(PRODUCT_NAME:rfc1034identifier)";
				PRODUCT_NAME = "$(TARGET_NAME)";
				TEST_HOST = "$(BUILT_PRODUCTS_DIR)/Heart Beat.app/Heart Beat";
			};
			name = Debug;
		};
		33E96DBB1A8BA9F0006B656E /* Release */ = {
			isa = XCBuildConfiguration;
			buildSettings = {
				BUNDLE_LOADER = "$(TEST_HOST)";
				FRAMEWORK_SEARCH_PATHS = (
					"$(SDKROOT)/Developer/Library/Frameworks",
					"$(inherited)",
				);
				INFOPLIST_FILE = "Heart BeatTests/Info.plist";
				LD_RUNPATH_SEARCH_PATHS = "$(inherited) @executable_path/Frameworks @loader_path/Frameworks";
				PRODUCT_BUNDLE_IDENTIFIER = "inailuy.$(PRODUCT_NAME:rfc1034identifier)";
				PRODUCT_NAME = "$(TARGET_NAME)";
				TEST_HOST = "$(BUILT_PRODUCTS_DIR)/Heart Beat.app/Heart Beat";
			};
			name = Release;
		};
/* End XCBuildConfiguration section */

/* Begin XCConfigurationList section */
		33237C9B1B16843700982CCD /* Build configuration list for PBXNativeTarget "Heart Beat Tests" */ = {
			isa = XCConfigurationList;
			buildConfigurations = (
				33237C991B16843700982CCD /* Debug */,
				33237C9A1B16843700982CCD /* Release */,
			);
			defaultConfigurationIsVisible = 0;
			defaultConfigurationName = Release;
		};
		33E96D8E1A8BA9F0006B656E /* Build configuration list for PBXProject "Heart Beat" */ = {
			isa = XCConfigurationList;
			buildConfigurations = (
				33E96DB41A8BA9F0006B656E /* Debug */,
				33E96DB51A8BA9F0006B656E /* Release */,
			);
			defaultConfigurationIsVisible = 0;
			defaultConfigurationName = Release;
		};
		33E96DB61A8BA9F0006B656E /* Build configuration list for PBXNativeTarget "Heart Beat" */ = {
			isa = XCConfigurationList;
			buildConfigurations = (
				33E96DB71A8BA9F0006B656E /* Debug */,
				33E96DB81A8BA9F0006B656E /* Release */,
			);
			defaultConfigurationIsVisible = 0;
			defaultConfigurationName = Release;
		};
		33E96DB91A8BA9F0006B656E /* Build configuration list for PBXNativeTarget "Heart BeatTests" */ = {
			isa = XCConfigurationList;
			buildConfigurations = (
				33E96DBA1A8BA9F0006B656E /* Debug */,
				33E96DBB1A8BA9F0006B656E /* Release */,
			);
			defaultConfigurationIsVisible = 0;
			defaultConfigurationName = Release;
		};
/* End XCConfigurationList section */
	};
	rootObject = 33E96D8B1A8BA9F0006B656E /* Project object */;
}
