// !$*UTF8*$!
{
	archiveVersion = 1;
	classes = {
	};
	objectVersion = 48;
	objects = {

/* Begin PBXBuildFile section */
		3300CD521D5C40B3007F0A99 /* UserSettings.swift in Sources */ = {isa = PBXBuildFile; fileRef = 3300CD511D5C40B3007F0A99 /* UserSettings.swift */; };
		3300CD581D5D2DEA007F0A99 /* DGActivityIndicatorView.m in Sources */ = {isa = PBXBuildFile; fileRef = 3300CD571D5D2DEA007F0A99 /* DGActivityIndicatorView.m */; };
		3300CDA01D5D2F1F007F0A99 /* DGActivityIndicatorAnimation.m in Sources */ = {isa = PBXBuildFile; fileRef = 3300CD5D1D5D2F1F007F0A99 /* DGActivityIndicatorAnimation.m */; };
		3300CDA31D5D2F1F007F0A99 /* DGActivityIndicatorBallBeatAnimation.m in Sources */ = {isa = PBXBuildFile; fileRef = 3300CD5F1D5D2F1F007F0A99 /* DGActivityIndicatorBallBeatAnimation.m */; };
		3300CDA61D5D2F1F007F0A99 /* DGActivityIndicatorBallClipRotateAnimation.m in Sources */ = {isa = PBXBuildFile; fileRef = 3300CD611D5D2F1F007F0A99 /* DGActivityIndicatorBallClipRotateAnimation.m */; };
		3300CDA91D5D2F1F007F0A99 /* DGActivityIndicatorBallClipRotateMultipleAnimation.m in Sources */ = {isa = PBXBuildFile; fileRef = 3300CD631D5D2F1F007F0A99 /* DGActivityIndicatorBallClipRotateMultipleAnimation.m */; };
		3300CDAC1D5D2F1F007F0A99 /* DGActivityIndicatorBallClipRotatePulseAnimation.m in Sources */ = {isa = PBXBuildFile; fileRef = 3300CD651D5D2F1F007F0A99 /* DGActivityIndicatorBallClipRotatePulseAnimation.m */; };
		3300CDAF1D5D2F1F007F0A99 /* DGActivityIndicatorBallGridBeatAnimation.m in Sources */ = {isa = PBXBuildFile; fileRef = 3300CD671D5D2F1F007F0A99 /* DGActivityIndicatorBallGridBeatAnimation.m */; };
		3300CDB21D5D2F1F007F0A99 /* DGActivityIndicatorBallGridPulseAnimation.m in Sources */ = {isa = PBXBuildFile; fileRef = 3300CD691D5D2F1F007F0A99 /* DGActivityIndicatorBallGridPulseAnimation.m */; };
		3300CDB51D5D2F1F007F0A99 /* DGActivityIndicatorBallPulseAnimation.m in Sources */ = {isa = PBXBuildFile; fileRef = 3300CD6B1D5D2F1F007F0A99 /* DGActivityIndicatorBallPulseAnimation.m */; };
		3300CDB81D5D2F1F007F0A99 /* DGActivityIndicatorBallPulseSyncAnimation.m in Sources */ = {isa = PBXBuildFile; fileRef = 3300CD6D1D5D2F1F007F0A99 /* DGActivityIndicatorBallPulseSyncAnimation.m */; };
		3300CDBB1D5D2F1F007F0A99 /* DGActivityIndicatorBallRotateAnimation.m in Sources */ = {isa = PBXBuildFile; fileRef = 3300CD6F1D5D2F1F007F0A99 /* DGActivityIndicatorBallRotateAnimation.m */; };
		3300CDBE1D5D2F1F007F0A99 /* DGActivityIndicatorBallScaleAnimation.m in Sources */ = {isa = PBXBuildFile; fileRef = 3300CD711D5D2F1F007F0A99 /* DGActivityIndicatorBallScaleAnimation.m */; };
		3300CDC11D5D2F1F007F0A99 /* DGActivityIndicatorBallScaleMultipleAnimation.m in Sources */ = {isa = PBXBuildFile; fileRef = 3300CD731D5D2F1F007F0A99 /* DGActivityIndicatorBallScaleMultipleAnimation.m */; };
		3300CDC41D5D2F1F007F0A99 /* DGActivityIndicatorBallScaleRippleAnimation.m in Sources */ = {isa = PBXBuildFile; fileRef = 3300CD751D5D2F1F007F0A99 /* DGActivityIndicatorBallScaleRippleAnimation.m */; };
		3300CDC71D5D2F1F007F0A99 /* DGActivityIndicatorBallScaleRippleMultipleAnimation.m in Sources */ = {isa = PBXBuildFile; fileRef = 3300CD771D5D2F1F007F0A99 /* DGActivityIndicatorBallScaleRippleMultipleAnimation.m */; };
		3300CDCA1D5D2F1F007F0A99 /* DGActivityIndicatorBallSpinFadeLoader.m in Sources */ = {isa = PBXBuildFile; fileRef = 3300CD791D5D2F1F007F0A99 /* DGActivityIndicatorBallSpinFadeLoader.m */; };
		3300CDCD1D5D2F1F007F0A99 /* DGActivityIndicatorBallTrianglePathAnimation.m in Sources */ = {isa = PBXBuildFile; fileRef = 3300CD7B1D5D2F1F007F0A99 /* DGActivityIndicatorBallTrianglePathAnimation.m */; };
		3300CDD01D5D2F1F007F0A99 /* DGActivityIndicatorBallZigZagAnimation.m in Sources */ = {isa = PBXBuildFile; fileRef = 3300CD7D1D5D2F1F007F0A99 /* DGActivityIndicatorBallZigZagAnimation.m */; };
		3300CDD31D5D2F1F007F0A99 /* DGActivityIndicatorBallZigZagDeflectAnimation.m in Sources */ = {isa = PBXBuildFile; fileRef = 3300CD7F1D5D2F1F007F0A99 /* DGActivityIndicatorBallZigZagDeflectAnimation.m */; };
		3300CDD61D5D2F1F007F0A99 /* DGActivityIndicatorCookieTerminatorAnimation.m in Sources */ = {isa = PBXBuildFile; fileRef = 3300CD811D5D2F1F007F0A99 /* DGActivityIndicatorCookieTerminatorAnimation.m */; };
		3300CDD91D5D2F1F007F0A99 /* DGActivityIndicatorDoubleBounceAnimation.m in Sources */ = {isa = PBXBuildFile; fileRef = 3300CD831D5D2F1F007F0A99 /* DGActivityIndicatorDoubleBounceAnimation.m */; };
		3300CDDC1D5D2F1F007F0A99 /* DGActivityIndicatorFiveDotsAnimation.m in Sources */ = {isa = PBXBuildFile; fileRef = 3300CD851D5D2F1F007F0A99 /* DGActivityIndicatorFiveDotsAnimation.m */; };
		3300CDDF1D5D2F1F007F0A99 /* DGActivityIndicatorLineScaleAnimation.m in Sources */ = {isa = PBXBuildFile; fileRef = 3300CD871D5D2F1F007F0A99 /* DGActivityIndicatorLineScaleAnimation.m */; };
		3300CDE21D5D2F1F007F0A99 /* DGActivityIndicatorLineScalePartyAnimation.m in Sources */ = {isa = PBXBuildFile; fileRef = 3300CD891D5D2F1F007F0A99 /* DGActivityIndicatorLineScalePartyAnimation.m */; };
		3300CDE51D5D2F1F007F0A99 /* DGActivityIndicatorLineScalePulseOutAnimation.m in Sources */ = {isa = PBXBuildFile; fileRef = 3300CD8B1D5D2F1F007F0A99 /* DGActivityIndicatorLineScalePulseOutAnimation.m */; };
		3300CDE81D5D2F1F007F0A99 /* DGActivityIndicatorLineScalePulseOutRapidAnimation.m in Sources */ = {isa = PBXBuildFile; fileRef = 3300CD8D1D5D2F1F007F0A99 /* DGActivityIndicatorLineScalePulseOutRapidAnimation.m */; };
		3300CDEB1D5D2F1F007F0A99 /* DGActivityIndicatorNineDotsAnimation.m in Sources */ = {isa = PBXBuildFile; fileRef = 3300CD8F1D5D2F1F007F0A99 /* DGActivityIndicatorNineDotsAnimation.m */; };
		3300CDEE1D5D2F1F007F0A99 /* DGActivityIndicatorRotatingSandglassAnimation.m in Sources */ = {isa = PBXBuildFile; fileRef = 3300CD911D5D2F1F007F0A99 /* DGActivityIndicatorRotatingSandglassAnimation.m */; };
		3300CDF11D5D2F1F007F0A99 /* DGActivityIndicatorRotatingSquaresAnimation.m in Sources */ = {isa = PBXBuildFile; fileRef = 3300CD931D5D2F1F007F0A99 /* DGActivityIndicatorRotatingSquaresAnimation.m */; };
		3300CDF41D5D2F1F007F0A99 /* DGActivityIndicatorRotatingTrigonAnimation.m in Sources */ = {isa = PBXBuildFile; fileRef = 3300CD951D5D2F1F007F0A99 /* DGActivityIndicatorRotatingTrigonAnimation.m */; };
		3300CDF71D5D2F1F007F0A99 /* DGActivityIndicatorThreeDotsAnimation.m in Sources */ = {isa = PBXBuildFile; fileRef = 3300CD971D5D2F1F007F0A99 /* DGActivityIndicatorThreeDotsAnimation.m */; };
		3300CDFA1D5D2F1F007F0A99 /* DGActivityIndicatorTriangleSkewSpinAnimation.m in Sources */ = {isa = PBXBuildFile; fileRef = 3300CD991D5D2F1F007F0A99 /* DGActivityIndicatorTriangleSkewSpinAnimation.m */; };
		3300CDFD1D5D2F1F007F0A99 /* DGActivityIndicatorTriplePulseAnimation.m in Sources */ = {isa = PBXBuildFile; fileRef = 3300CD9B1D5D2F1F007F0A99 /* DGActivityIndicatorTriplePulseAnimation.m */; };
		3300CE001D5D2F1F007F0A99 /* DGActivityIndicatorTripleRingsAnimation.m in Sources */ = {isa = PBXBuildFile; fileRef = 3300CD9D1D5D2F1F007F0A99 /* DGActivityIndicatorTripleRingsAnimation.m */; };
		3300CE031D5D2F1F007F0A99 /* DGActivityIndicatorTwoDotsAnimation.m in Sources */ = {isa = PBXBuildFile; fileRef = 3300CD9F1D5D2F1F007F0A99 /* DGActivityIndicatorTwoDotsAnimation.m */; };
		33193DCE1D7BD1C800624956 /* DataController.swift in Sources */ = {isa = PBXBuildFile; fileRef = 33193DCD1D7BD1C800624956 /* DataController.swift */; };
		33389B081D2071F2002F09FA /* MapKit.framework in Frameworks */ = {isa = PBXBuildFile; fileRef = 33389B071D2071F2002F09FA /* MapKit.framework */; };
		333B9F611DF40026003F011E /* PermissionsVC.swift in Sources */ = {isa = PBXBuildFile; fileRef = 333B9F601DF40026003F011E /* PermissionsVC.swift */; };
		334130781D500FBB00758A80 /* Workout.swift in Sources */ = {isa = PBXBuildFile; fileRef = 334130771D500FBB00758A80 /* Workout.swift */; };
		33550AC61D53E64E0036122A /* CloudKit.framework in Frameworks */ = {isa = PBXBuildFile; fileRef = 33550AC51D53E64E0036122A /* CloudKit.framework */; };
		33550AC91D53F4F90036122A /* QuickSort.swift in Sources */ = {isa = PBXBuildFile; fileRef = 33550AC81D53F4F90036122A /* QuickSort.swift */; };
		336714981DF3DE2700C2A0D2 /* AccountKitStrings.bundle in Frameworks */ = {isa = PBXBuildFile; fileRef = 336714971DF3DE2700C2A0D2 /* AccountKitStrings.bundle */; };
		336AF2891D2591E400D70DA9 /* Health.swift in Sources */ = {isa = PBXBuildFile; fileRef = 336AF2881D2591E400D70DA9 /* Health.swift */; };
		336AF2951D25DCC100D70DA9 /* Bluetooth.swift in Sources */ = {isa = PBXBuildFile; fileRef = 336AF2941D25DCC100D70DA9 /* Bluetooth.swift */; };
		336AF2991D25DF9A00D70DA9 /* CoreBluetooth.framework in Frameworks */ = {isa = PBXBuildFile; fileRef = 336AF2981D25DF9A00D70DA9 /* CoreBluetooth.framework */; };
		337469291D12416C008F38C4 /* BaseVC.swift in Sources */ = {isa = PBXBuildFile; fileRef = 337469271D12416C008F38C4 /* BaseVC.swift */; };
		3374692B1D12416C008F38C4 /* MainVC.swift in Sources */ = {isa = PBXBuildFile; fileRef = 337469281D12416C008F38C4 /* MainVC.swift */; };
		337469311D124192008F38C4 /* SettingsVC.swift in Sources */ = {isa = PBXBuildFile; fileRef = 337469301D124192008F38C4 /* SettingsVC.swift */; };
		337469341D12419F008F38C4 /* LoginVC.swift in Sources */ = {isa = PBXBuildFile; fileRef = 337469331D12419F008F38C4 /* LoginVC.swift */; };
		337469371D1241B4008F38C4 /* WorkoutVC.swift in Sources */ = {isa = PBXBuildFile; fileRef = 337469361D1241B4008F38C4 /* WorkoutVC.swift */; };
		3374693D1D1241CE008F38C4 /* HistoryVC.swift in Sources */ = {isa = PBXBuildFile; fileRef = 3374693C1D1241CE008F38C4 /* HistoryVC.swift */; };
		337469401D1241F2008F38C4 /* WorkoutSummaryVC.swift in Sources */ = {isa = PBXBuildFile; fileRef = 3374693F1D1241F2008F38C4 /* WorkoutSummaryVC.swift */; };
		337469431D124212008F38C4 /* WorkoutTypeVC.swift in Sources */ = {isa = PBXBuildFile; fileRef = 337469421D124212008F38C4 /* WorkoutTypeVC.swift */; };
		337469461D124221008F38C4 /* AudioCuesVC.swift in Sources */ = {isa = PBXBuildFile; fileRef = 337469451D124221008F38C4 /* AudioCuesVC.swift */; };
		337469531D126920008F38C4 /* HealthKit.framework in Frameworks */ = {isa = PBXBuildFile; fileRef = 337469521D126920008F38C4 /* HealthKit.framework */; };
		337469551D126DB2008F38C4 /* AppDelegate.swift in Sources */ = {isa = PBXBuildFile; fileRef = 33F271B01D123D8500588247 /* AppDelegate.swift */; };
		3377FEBE1D289E0200D0BA98 /* WorkoutController.swift in Sources */ = {isa = PBXBuildFile; fileRef = 3377FEBD1D289E0200D0BA98 /* WorkoutController.swift */; };
		3377FEC41D28D5CD00D0BA98 /* NSTimer+Pause.m in Sources */ = {isa = PBXBuildFile; fileRef = 3377FEC31D28D5CD00D0BA98 /* NSTimer+Pause.m */; };
		3377FED21D2C793F00D0BA98 /* VO2Max.swift in Sources */ = {isa = PBXBuildFile; fileRef = 3377FED11D2C793F00D0BA98 /* VO2Max.swift */; };
		33858BCE1D5554600078127B /* CloudKit.swift in Sources */ = {isa = PBXBuildFile; fileRef = 33858BCD1D5554600078127B /* CloudKit.swift */; };
		33A93BE61D75216100770375 /* CoreData.swift in Sources */ = {isa = PBXBuildFile; fileRef = 33A93BE51D75216100770375 /* CoreData.swift */; };
		33BA773E1D187E72009BD322 /* YZSwipeBetweenViewController.m in Sources */ = {isa = PBXBuildFile; fileRef = 3374694D1D124846008F38C4 /* YZSwipeBetweenViewController.m */; };
		33DE2B711D2CD57D00D78811 /* SpeechUtterance.swift in Sources */ = {isa = PBXBuildFile; fileRef = 33DE2B701D2CD57D00D78811 /* SpeechUtterance.swift */; };
		33E365181DF3B697004B7405 /* AccountKit.framework in Frameworks */ = {isa = PBXBuildFile; fileRef = 33E365171DF3B697004B7405 /* AccountKit.framework */; };
		33F271B61D123D8500588247 /* Main.storyboard in Resources */ = {isa = PBXBuildFile; fileRef = 33F271B41D123D8500588247 /* Main.storyboard */; };
		33F271B91D123D8500588247 /* HeartBeat.xcdatamodeld in Sources */ = {isa = PBXBuildFile; fileRef = 33F271B71D123D8500588247 /* HeartBeat.xcdatamodeld */; };
		33F271BB1D123D8500588247 /* Assets.xcassets in Resources */ = {isa = PBXBuildFile; fileRef = 33F271BA1D123D8500588247 /* Assets.xcassets */; };
		33F271BE1D123D8500588247 /* LaunchScreen.storyboard in Resources */ = {isa = PBXBuildFile; fileRef = 33F271BC1D123D8500588247 /* LaunchScreen.storyboard */; };
		33F271E21D123F1300588247 /* AVFoundation.framework in Frameworks */ = {isa = PBXBuildFile; fileRef = 33F271E11D123F1300588247 /* AVFoundation.framework */; };
		33FF20C11D5FF12200EBAFDD /* SettingsTableViewCell.swift in Sources */ = {isa = PBXBuildFile; fileRef = 33FF20C01D5FF12200EBAFDD /* SettingsTableViewCell.swift */; };
		3A6F93561EF9B67F00A81FF1 /* BEMAverageLine.m in Sources */ = {isa = PBXBuildFile; fileRef = 3A6F934D1EF9B67F00A81FF1 /* BEMAverageLine.m */; };
		3A6F93571EF9B67F00A81FF1 /* BEMCircle.m in Sources */ = {isa = PBXBuildFile; fileRef = 3A6F934F1EF9B67F00A81FF1 /* BEMCircle.m */; };
		3A6F93581EF9B67F00A81FF1 /* BEMGraphCalculator.m in Sources */ = {isa = PBXBuildFile; fileRef = 3A6F93511EF9B67F00A81FF1 /* BEMGraphCalculator.m */; };
		3A6F93591EF9B67F00A81FF1 /* BEMLine.m in Sources */ = {isa = PBXBuildFile; fileRef = 3A6F93531EF9B67F00A81FF1 /* BEMLine.m */; };
		3A6F935A1EF9B67F00A81FF1 /* BEMSimpleLineGraphView.m in Sources */ = {isa = PBXBuildFile; fileRef = 3A6F93551EF9B67F00A81FF1 /* BEMSimpleLineGraphView.m */; };
		3ADC2A6B1E13072000C05B6C /* ImageIO.framework in Frameworks */ = {isa = PBXBuildFile; fileRef = 3ADC2A6A1E13072000C05B6C /* ImageIO.framework */; };
		3ADC2A6D1E13072800C05B6C /* MobileCoreServices.framework in Frameworks */ = {isa = PBXBuildFile; fileRef = 3ADC2A6C1E13072800C05B6C /* MobileCoreServices.framework */; };
		AC0CA1DD9616AA426683B58C /* libPods-HeartBeat.a in Frameworks */ = {isa = PBXBuildFile; fileRef = D4B4ABA89F999A405E14FF20 /* libPods-HeartBeat.a */; };
/* End PBXBuildFile section */

/* Begin PBXFileReference section */
		3300CD511D5C40B3007F0A99 /* UserSettings.swift */ = {isa = PBXFileReference; fileEncoding = 4; lastKnownFileType = sourcecode.swift; name = UserSettings.swift; path = Controllers/UserSettings.swift; sourceTree = "<group>"; };
		3300CD561D5D2DEA007F0A99 /* DGActivityIndicatorView.h */ = {isa = PBXFileReference; fileEncoding = 4; lastKnownFileType = sourcecode.c.h; name = DGActivityIndicatorView.h; path = ThirdParty/Spinner/DGActivityIndicatorView.h; sourceTree = "<group>"; };
		3300CD571D5D2DEA007F0A99 /* DGActivityIndicatorView.m */ = {isa = PBXFileReference; fileEncoding = 4; lastKnownFileType = sourcecode.c.objc; name = DGActivityIndicatorView.m; path = ThirdParty/Spinner/DGActivityIndicatorView.m; sourceTree = "<group>"; };
		3300CD5C1D5D2F1F007F0A99 /* DGActivityIndicatorAnimation.h */ = {isa = PBXFileReference; fileEncoding = 4; lastKnownFileType = sourcecode.c.h; name = DGActivityIndicatorAnimation.h; path = ThirdParty/Spinner/Animations/DGActivityIndicatorAnimation.h; sourceTree = "<group>"; };
		3300CD5D1D5D2F1F007F0A99 /* DGActivityIndicatorAnimation.m */ = {isa = PBXFileReference; fileEncoding = 4; lastKnownFileType = sourcecode.c.objc; name = DGActivityIndicatorAnimation.m; path = ThirdParty/Spinner/Animations/DGActivityIndicatorAnimation.m; sourceTree = "<group>"; };
		3300CD5E1D5D2F1F007F0A99 /* DGActivityIndicatorBallBeatAnimation.h */ = {isa = PBXFileReference; fileEncoding = 4; lastKnownFileType = sourcecode.c.h; name = DGActivityIndicatorBallBeatAnimation.h; path = ThirdParty/Spinner/Animations/DGActivityIndicatorBallBeatAnimation.h; sourceTree = "<group>"; };
		3300CD5F1D5D2F1F007F0A99 /* DGActivityIndicatorBallBeatAnimation.m */ = {isa = PBXFileReference; fileEncoding = 4; lastKnownFileType = sourcecode.c.objc; name = DGActivityIndicatorBallBeatAnimation.m; path = ThirdParty/Spinner/Animations/DGActivityIndicatorBallBeatAnimation.m; sourceTree = "<group>"; };
		3300CD601D5D2F1F007F0A99 /* DGActivityIndicatorBallClipRotateAnimation.h */ = {isa = PBXFileReference; fileEncoding = 4; lastKnownFileType = sourcecode.c.h; name = DGActivityIndicatorBallClipRotateAnimation.h; path = ThirdParty/Spinner/Animations/DGActivityIndicatorBallClipRotateAnimation.h; sourceTree = "<group>"; };
		3300CD611D5D2F1F007F0A99 /* DGActivityIndicatorBallClipRotateAnimation.m */ = {isa = PBXFileReference; fileEncoding = 4; lastKnownFileType = sourcecode.c.objc; name = DGActivityIndicatorBallClipRotateAnimation.m; path = ThirdParty/Spinner/Animations/DGActivityIndicatorBallClipRotateAnimation.m; sourceTree = "<group>"; };
		3300CD621D5D2F1F007F0A99 /* DGActivityIndicatorBallClipRotateMultipleAnimation.h */ = {isa = PBXFileReference; fileEncoding = 4; lastKnownFileType = sourcecode.c.h; name = DGActivityIndicatorBallClipRotateMultipleAnimation.h; path = ThirdParty/Spinner/Animations/DGActivityIndicatorBallClipRotateMultipleAnimation.h; sourceTree = "<group>"; };
		3300CD631D5D2F1F007F0A99 /* DGActivityIndicatorBallClipRotateMultipleAnimation.m */ = {isa = PBXFileReference; fileEncoding = 4; lastKnownFileType = sourcecode.c.objc; name = DGActivityIndicatorBallClipRotateMultipleAnimation.m; path = ThirdParty/Spinner/Animations/DGActivityIndicatorBallClipRotateMultipleAnimation.m; sourceTree = "<group>"; };
		3300CD641D5D2F1F007F0A99 /* DGActivityIndicatorBallClipRotatePulseAnimation.h */ = {isa = PBXFileReference; fileEncoding = 4; lastKnownFileType = sourcecode.c.h; name = DGActivityIndicatorBallClipRotatePulseAnimation.h; path = ThirdParty/Spinner/Animations/DGActivityIndicatorBallClipRotatePulseAnimation.h; sourceTree = "<group>"; };
		3300CD651D5D2F1F007F0A99 /* DGActivityIndicatorBallClipRotatePulseAnimation.m */ = {isa = PBXFileReference; fileEncoding = 4; lastKnownFileType = sourcecode.c.objc; name = DGActivityIndicatorBallClipRotatePulseAnimation.m; path = ThirdParty/Spinner/Animations/DGActivityIndicatorBallClipRotatePulseAnimation.m; sourceTree = "<group>"; };
		3300CD661D5D2F1F007F0A99 /* DGActivityIndicatorBallGridBeatAnimation.h */ = {isa = PBXFileReference; fileEncoding = 4; lastKnownFileType = sourcecode.c.h; name = DGActivityIndicatorBallGridBeatAnimation.h; path = ThirdParty/Spinner/Animations/DGActivityIndicatorBallGridBeatAnimation.h; sourceTree = "<group>"; };
		3300CD671D5D2F1F007F0A99 /* DGActivityIndicatorBallGridBeatAnimation.m */ = {isa = PBXFileReference; fileEncoding = 4; lastKnownFileType = sourcecode.c.objc; name = DGActivityIndicatorBallGridBeatAnimation.m; path = ThirdParty/Spinner/Animations/DGActivityIndicatorBallGridBeatAnimation.m; sourceTree = "<group>"; };
		3300CD681D5D2F1F007F0A99 /* DGActivityIndicatorBallGridPulseAnimation.h */ = {isa = PBXFileReference; fileEncoding = 4; lastKnownFileType = sourcecode.c.h; name = DGActivityIndicatorBallGridPulseAnimation.h; path = ThirdParty/Spinner/Animations/DGActivityIndicatorBallGridPulseAnimation.h; sourceTree = "<group>"; };
		3300CD691D5D2F1F007F0A99 /* DGActivityIndicatorBallGridPulseAnimation.m */ = {isa = PBXFileReference; fileEncoding = 4; lastKnownFileType = sourcecode.c.objc; name = DGActivityIndicatorBallGridPulseAnimation.m; path = ThirdParty/Spinner/Animations/DGActivityIndicatorBallGridPulseAnimation.m; sourceTree = "<group>"; };
		3300CD6A1D5D2F1F007F0A99 /* DGActivityIndicatorBallPulseAnimation.h */ = {isa = PBXFileReference; fileEncoding = 4; lastKnownFileType = sourcecode.c.h; name = DGActivityIndicatorBallPulseAnimation.h; path = ThirdParty/Spinner/Animations/DGActivityIndicatorBallPulseAnimation.h; sourceTree = "<group>"; };
		3300CD6B1D5D2F1F007F0A99 /* DGActivityIndicatorBallPulseAnimation.m */ = {isa = PBXFileReference; fileEncoding = 4; lastKnownFileType = sourcecode.c.objc; name = DGActivityIndicatorBallPulseAnimation.m; path = ThirdParty/Spinner/Animations/DGActivityIndicatorBallPulseAnimation.m; sourceTree = "<group>"; };
		3300CD6C1D5D2F1F007F0A99 /* DGActivityIndicatorBallPulseSyncAnimation.h */ = {isa = PBXFileReference; fileEncoding = 4; lastKnownFileType = sourcecode.c.h; name = DGActivityIndicatorBallPulseSyncAnimation.h; path = ThirdParty/Spinner/Animations/DGActivityIndicatorBallPulseSyncAnimation.h; sourceTree = "<group>"; };
		3300CD6D1D5D2F1F007F0A99 /* DGActivityIndicatorBallPulseSyncAnimation.m */ = {isa = PBXFileReference; fileEncoding = 4; lastKnownFileType = sourcecode.c.objc; name = DGActivityIndicatorBallPulseSyncAnimation.m; path = ThirdParty/Spinner/Animations/DGActivityIndicatorBallPulseSyncAnimation.m; sourceTree = "<group>"; };
		3300CD6E1D5D2F1F007F0A99 /* DGActivityIndicatorBallRotateAnimation.h */ = {isa = PBXFileReference; fileEncoding = 4; lastKnownFileType = sourcecode.c.h; name = DGActivityIndicatorBallRotateAnimation.h; path = ThirdParty/Spinner/Animations/DGActivityIndicatorBallRotateAnimation.h; sourceTree = "<group>"; };
		3300CD6F1D5D2F1F007F0A99 /* DGActivityIndicatorBallRotateAnimation.m */ = {isa = PBXFileReference; fileEncoding = 4; lastKnownFileType = sourcecode.c.objc; name = DGActivityIndicatorBallRotateAnimation.m; path = ThirdParty/Spinner/Animations/DGActivityIndicatorBallRotateAnimation.m; sourceTree = "<group>"; };
		3300CD701D5D2F1F007F0A99 /* DGActivityIndicatorBallScaleAnimation.h */ = {isa = PBXFileReference; fileEncoding = 4; lastKnownFileType = sourcecode.c.h; name = DGActivityIndicatorBallScaleAnimation.h; path = ThirdParty/Spinner/Animations/DGActivityIndicatorBallScaleAnimation.h; sourceTree = "<group>"; };
		3300CD711D5D2F1F007F0A99 /* DGActivityIndicatorBallScaleAnimation.m */ = {isa = PBXFileReference; fileEncoding = 4; lastKnownFileType = sourcecode.c.objc; name = DGActivityIndicatorBallScaleAnimation.m; path = ThirdParty/Spinner/Animations/DGActivityIndicatorBallScaleAnimation.m; sourceTree = "<group>"; };
		3300CD721D5D2F1F007F0A99 /* DGActivityIndicatorBallScaleMultipleAnimation.h */ = {isa = PBXFileReference; fileEncoding = 4; lastKnownFileType = sourcecode.c.h; name = DGActivityIndicatorBallScaleMultipleAnimation.h; path = ThirdParty/Spinner/Animations/DGActivityIndicatorBallScaleMultipleAnimation.h; sourceTree = "<group>"; };
		3300CD731D5D2F1F007F0A99 /* DGActivityIndicatorBallScaleMultipleAnimation.m */ = {isa = PBXFileReference; fileEncoding = 4; lastKnownFileType = sourcecode.c.objc; name = DGActivityIndicatorBallScaleMultipleAnimation.m; path = ThirdParty/Spinner/Animations/DGActivityIndicatorBallScaleMultipleAnimation.m; sourceTree = "<group>"; };
		3300CD741D5D2F1F007F0A99 /* DGActivityIndicatorBallScaleRippleAnimation.h */ = {isa = PBXFileReference; fileEncoding = 4; lastKnownFileType = sourcecode.c.h; name = DGActivityIndicatorBallScaleRippleAnimation.h; path = ThirdParty/Spinner/Animations/DGActivityIndicatorBallScaleRippleAnimation.h; sourceTree = "<group>"; };
		3300CD751D5D2F1F007F0A99 /* DGActivityIndicatorBallScaleRippleAnimation.m */ = {isa = PBXFileReference; fileEncoding = 4; lastKnownFileType = sourcecode.c.objc; name = DGActivityIndicatorBallScaleRippleAnimation.m; path = ThirdParty/Spinner/Animations/DGActivityIndicatorBallScaleRippleAnimation.m; sourceTree = "<group>"; };
		3300CD761D5D2F1F007F0A99 /* DGActivityIndicatorBallScaleRippleMultipleAnimation.h */ = {isa = PBXFileReference; fileEncoding = 4; lastKnownFileType = sourcecode.c.h; name = DGActivityIndicatorBallScaleRippleMultipleAnimation.h; path = ThirdParty/Spinner/Animations/DGActivityIndicatorBallScaleRippleMultipleAnimation.h; sourceTree = "<group>"; };
		3300CD771D5D2F1F007F0A99 /* DGActivityIndicatorBallScaleRippleMultipleAnimation.m */ = {isa = PBXFileReference; fileEncoding = 4; lastKnownFileType = sourcecode.c.objc; name = DGActivityIndicatorBallScaleRippleMultipleAnimation.m; path = ThirdParty/Spinner/Animations/DGActivityIndicatorBallScaleRippleMultipleAnimation.m; sourceTree = "<group>"; };
		3300CD781D5D2F1F007F0A99 /* DGActivityIndicatorBallSpinFadeLoader.h */ = {isa = PBXFileReference; fileEncoding = 4; lastKnownFileType = sourcecode.c.h; name = DGActivityIndicatorBallSpinFadeLoader.h; path = ThirdParty/Spinner/Animations/DGActivityIndicatorBallSpinFadeLoader.h; sourceTree = "<group>"; };
		3300CD791D5D2F1F007F0A99 /* DGActivityIndicatorBallSpinFadeLoader.m */ = {isa = PBXFileReference; fileEncoding = 4; lastKnownFileType = sourcecode.c.objc; name = DGActivityIndicatorBallSpinFadeLoader.m; path = ThirdParty/Spinner/Animations/DGActivityIndicatorBallSpinFadeLoader.m; sourceTree = "<group>"; };
		3300CD7A1D5D2F1F007F0A99 /* DGActivityIndicatorBallTrianglePathAnimation.h */ = {isa = PBXFileReference; fileEncoding = 4; lastKnownFileType = sourcecode.c.h; name = DGActivityIndicatorBallTrianglePathAnimation.h; path = ThirdParty/Spinner/Animations/DGActivityIndicatorBallTrianglePathAnimation.h; sourceTree = "<group>"; };
		3300CD7B1D5D2F1F007F0A99 /* DGActivityIndicatorBallTrianglePathAnimation.m */ = {isa = PBXFileReference; fileEncoding = 4; lastKnownFileType = sourcecode.c.objc; name = DGActivityIndicatorBallTrianglePathAnimation.m; path = ThirdParty/Spinner/Animations/DGActivityIndicatorBallTrianglePathAnimation.m; sourceTree = "<group>"; };
		3300CD7C1D5D2F1F007F0A99 /* DGActivityIndicatorBallZigZagAnimation.h */ = {isa = PBXFileReference; fileEncoding = 4; lastKnownFileType = sourcecode.c.h; name = DGActivityIndicatorBallZigZagAnimation.h; path = ThirdParty/Spinner/Animations/DGActivityIndicatorBallZigZagAnimation.h; sourceTree = "<group>"; };
		3300CD7D1D5D2F1F007F0A99 /* DGActivityIndicatorBallZigZagAnimation.m */ = {isa = PBXFileReference; fileEncoding = 4; lastKnownFileType = sourcecode.c.objc; name = DGActivityIndicatorBallZigZagAnimation.m; path = ThirdParty/Spinner/Animations/DGActivityIndicatorBallZigZagAnimation.m; sourceTree = "<group>"; };
		3300CD7E1D5D2F1F007F0A99 /* DGActivityIndicatorBallZigZagDeflectAnimation.h */ = {isa = PBXFileReference; fileEncoding = 4; lastKnownFileType = sourcecode.c.h; name = DGActivityIndicatorBallZigZagDeflectAnimation.h; path = ThirdParty/Spinner/Animations/DGActivityIndicatorBallZigZagDeflectAnimation.h; sourceTree = "<group>"; };
		3300CD7F1D5D2F1F007F0A99 /* DGActivityIndicatorBallZigZagDeflectAnimation.m */ = {isa = PBXFileReference; fileEncoding = 4; lastKnownFileType = sourcecode.c.objc; name = DGActivityIndicatorBallZigZagDeflectAnimation.m; path = ThirdParty/Spinner/Animations/DGActivityIndicatorBallZigZagDeflectAnimation.m; sourceTree = "<group>"; };
		3300CD801D5D2F1F007F0A99 /* DGActivityIndicatorCookieTerminatorAnimation.h */ = {isa = PBXFileReference; fileEncoding = 4; lastKnownFileType = sourcecode.c.h; name = DGActivityIndicatorCookieTerminatorAnimation.h; path = ThirdParty/Spinner/Animations/DGActivityIndicatorCookieTerminatorAnimation.h; sourceTree = "<group>"; };
		3300CD811D5D2F1F007F0A99 /* DGActivityIndicatorCookieTerminatorAnimation.m */ = {isa = PBXFileReference; fileEncoding = 4; lastKnownFileType = sourcecode.c.objc; name = DGActivityIndicatorCookieTerminatorAnimation.m; path = ThirdParty/Spinner/Animations/DGActivityIndicatorCookieTerminatorAnimation.m; sourceTree = "<group>"; };
		3300CD821D5D2F1F007F0A99 /* DGActivityIndicatorDoubleBounceAnimation.h */ = {isa = PBXFileReference; fileEncoding = 4; lastKnownFileType = sourcecode.c.h; name = DGActivityIndicatorDoubleBounceAnimation.h; path = ThirdParty/Spinner/Animations/DGActivityIndicatorDoubleBounceAnimation.h; sourceTree = "<group>"; };
		3300CD831D5D2F1F007F0A99 /* DGActivityIndicatorDoubleBounceAnimation.m */ = {isa = PBXFileReference; fileEncoding = 4; lastKnownFileType = sourcecode.c.objc; name = DGActivityIndicatorDoubleBounceAnimation.m; path = ThirdParty/Spinner/Animations/DGActivityIndicatorDoubleBounceAnimation.m; sourceTree = "<group>"; };
		3300CD841D5D2F1F007F0A99 /* DGActivityIndicatorFiveDotsAnimation.h */ = {isa = PBXFileReference; fileEncoding = 4; lastKnownFileType = sourcecode.c.h; name = DGActivityIndicatorFiveDotsAnimation.h; path = ThirdParty/Spinner/Animations/DGActivityIndicatorFiveDotsAnimation.h; sourceTree = "<group>"; };
		3300CD851D5D2F1F007F0A99 /* DGActivityIndicatorFiveDotsAnimation.m */ = {isa = PBXFileReference; fileEncoding = 4; lastKnownFileType = sourcecode.c.objc; name = DGActivityIndicatorFiveDotsAnimation.m; path = ThirdParty/Spinner/Animations/DGActivityIndicatorFiveDotsAnimation.m; sourceTree = "<group>"; };
		3300CD861D5D2F1F007F0A99 /* DGActivityIndicatorLineScaleAnimation.h */ = {isa = PBXFileReference; fileEncoding = 4; lastKnownFileType = sourcecode.c.h; name = DGActivityIndicatorLineScaleAnimation.h; path = ThirdParty/Spinner/Animations/DGActivityIndicatorLineScaleAnimation.h; sourceTree = "<group>"; };
		3300CD871D5D2F1F007F0A99 /* DGActivityIndicatorLineScaleAnimation.m */ = {isa = PBXFileReference; fileEncoding = 4; lastKnownFileType = sourcecode.c.objc; name = DGActivityIndicatorLineScaleAnimation.m; path = ThirdParty/Spinner/Animations/DGActivityIndicatorLineScaleAnimation.m; sourceTree = "<group>"; };
		3300CD881D5D2F1F007F0A99 /* DGActivityIndicatorLineScalePartyAnimation.h */ = {isa = PBXFileReference; fileEncoding = 4; lastKnownFileType = sourcecode.c.h; name = DGActivityIndicatorLineScalePartyAnimation.h; path = ThirdParty/Spinner/Animations/DGActivityIndicatorLineScalePartyAnimation.h; sourceTree = "<group>"; };
		3300CD891D5D2F1F007F0A99 /* DGActivityIndicatorLineScalePartyAnimation.m */ = {isa = PBXFileReference; fileEncoding = 4; lastKnownFileType = sourcecode.c.objc; name = DGActivityIndicatorLineScalePartyAnimation.m; path = ThirdParty/Spinner/Animations/DGActivityIndicatorLineScalePartyAnimation.m; sourceTree = "<group>"; };
		3300CD8A1D5D2F1F007F0A99 /* DGActivityIndicatorLineScalePulseOutAnimation.h */ = {isa = PBXFileReference; fileEncoding = 4; lastKnownFileType = sourcecode.c.h; name = DGActivityIndicatorLineScalePulseOutAnimation.h; path = ThirdParty/Spinner/Animations/DGActivityIndicatorLineScalePulseOutAnimation.h; sourceTree = "<group>"; };
		3300CD8B1D5D2F1F007F0A99 /* DGActivityIndicatorLineScalePulseOutAnimation.m */ = {isa = PBXFileReference; fileEncoding = 4; lastKnownFileType = sourcecode.c.objc; name = DGActivityIndicatorLineScalePulseOutAnimation.m; path = ThirdParty/Spinner/Animations/DGActivityIndicatorLineScalePulseOutAnimation.m; sourceTree = "<group>"; };
		3300CD8C1D5D2F1F007F0A99 /* DGActivityIndicatorLineScalePulseOutRapidAnimation.h */ = {isa = PBXFileReference; fileEncoding = 4; lastKnownFileType = sourcecode.c.h; name = DGActivityIndicatorLineScalePulseOutRapidAnimation.h; path = ThirdParty/Spinner/Animations/DGActivityIndicatorLineScalePulseOutRapidAnimation.h; sourceTree = "<group>"; };
		3300CD8D1D5D2F1F007F0A99 /* DGActivityIndicatorLineScalePulseOutRapidAnimation.m */ = {isa = PBXFileReference; fileEncoding = 4; lastKnownFileType = sourcecode.c.objc; name = DGActivityIndicatorLineScalePulseOutRapidAnimation.m; path = ThirdParty/Spinner/Animations/DGActivityIndicatorLineScalePulseOutRapidAnimation.m; sourceTree = "<group>"; };
		3300CD8E1D5D2F1F007F0A99 /* DGActivityIndicatorNineDotsAnimation.h */ = {isa = PBXFileReference; fileEncoding = 4; lastKnownFileType = sourcecode.c.h; name = DGActivityIndicatorNineDotsAnimation.h; path = ThirdParty/Spinner/Animations/DGActivityIndicatorNineDotsAnimation.h; sourceTree = "<group>"; };
		3300CD8F1D5D2F1F007F0A99 /* DGActivityIndicatorNineDotsAnimation.m */ = {isa = PBXFileReference; fileEncoding = 4; lastKnownFileType = sourcecode.c.objc; name = DGActivityIndicatorNineDotsAnimation.m; path = ThirdParty/Spinner/Animations/DGActivityIndicatorNineDotsAnimation.m; sourceTree = "<group>"; };
		3300CD901D5D2F1F007F0A99 /* DGActivityIndicatorRotatingSandglassAnimation.h */ = {isa = PBXFileReference; fileEncoding = 4; lastKnownFileType = sourcecode.c.h; name = DGActivityIndicatorRotatingSandglassAnimation.h; path = ThirdParty/Spinner/Animations/DGActivityIndicatorRotatingSandglassAnimation.h; sourceTree = "<group>"; };
		3300CD911D5D2F1F007F0A99 /* DGActivityIndicatorRotatingSandglassAnimation.m */ = {isa = PBXFileReference; fileEncoding = 4; lastKnownFileType = sourcecode.c.objc; name = DGActivityIndicatorRotatingSandglassAnimation.m; path = ThirdParty/Spinner/Animations/DGActivityIndicatorRotatingSandglassAnimation.m; sourceTree = "<group>"; };
		3300CD921D5D2F1F007F0A99 /* DGActivityIndicatorRotatingSquaresAnimation.h */ = {isa = PBXFileReference; fileEncoding = 4; lastKnownFileType = sourcecode.c.h; name = DGActivityIndicatorRotatingSquaresAnimation.h; path = ThirdParty/Spinner/Animations/DGActivityIndicatorRotatingSquaresAnimation.h; sourceTree = "<group>"; };
		3300CD931D5D2F1F007F0A99 /* DGActivityIndicatorRotatingSquaresAnimation.m */ = {isa = PBXFileReference; fileEncoding = 4; lastKnownFileType = sourcecode.c.objc; name = DGActivityIndicatorRotatingSquaresAnimation.m; path = ThirdParty/Spinner/Animations/DGActivityIndicatorRotatingSquaresAnimation.m; sourceTree = "<group>"; };
		3300CD941D5D2F1F007F0A99 /* DGActivityIndicatorRotatingTrigonAnimation.h */ = {isa = PBXFileReference; fileEncoding = 4; lastKnownFileType = sourcecode.c.h; name = DGActivityIndicatorRotatingTrigonAnimation.h; path = ThirdParty/Spinner/Animations/DGActivityIndicatorRotatingTrigonAnimation.h; sourceTree = "<group>"; };
		3300CD951D5D2F1F007F0A99 /* DGActivityIndicatorRotatingTrigonAnimation.m */ = {isa = PBXFileReference; fileEncoding = 4; lastKnownFileType = sourcecode.c.objc; name = DGActivityIndicatorRotatingTrigonAnimation.m; path = ThirdParty/Spinner/Animations/DGActivityIndicatorRotatingTrigonAnimation.m; sourceTree = "<group>"; };
		3300CD961D5D2F1F007F0A99 /* DGActivityIndicatorThreeDotsAnimation.h */ = {isa = PBXFileReference; fileEncoding = 4; lastKnownFileType = sourcecode.c.h; name = DGActivityIndicatorThreeDotsAnimation.h; path = ThirdParty/Spinner/Animations/DGActivityIndicatorThreeDotsAnimation.h; sourceTree = "<group>"; };
		3300CD971D5D2F1F007F0A99 /* DGActivityIndicatorThreeDotsAnimation.m */ = {isa = PBXFileReference; fileEncoding = 4; lastKnownFileType = sourcecode.c.objc; name = DGActivityIndicatorThreeDotsAnimation.m; path = ThirdParty/Spinner/Animations/DGActivityIndicatorThreeDotsAnimation.m; sourceTree = "<group>"; };
		3300CD981D5D2F1F007F0A99 /* DGActivityIndicatorTriangleSkewSpinAnimation.h */ = {isa = PBXFileReference; fileEncoding = 4; lastKnownFileType = sourcecode.c.h; name = DGActivityIndicatorTriangleSkewSpinAnimation.h; path = ThirdParty/Spinner/Animations/DGActivityIndicatorTriangleSkewSpinAnimation.h; sourceTree = "<group>"; };
		3300CD991D5D2F1F007F0A99 /* DGActivityIndicatorTriangleSkewSpinAnimation.m */ = {isa = PBXFileReference; fileEncoding = 4; lastKnownFileType = sourcecode.c.objc; name = DGActivityIndicatorTriangleSkewSpinAnimation.m; path = ThirdParty/Spinner/Animations/DGActivityIndicatorTriangleSkewSpinAnimation.m; sourceTree = "<group>"; };
		3300CD9A1D5D2F1F007F0A99 /* DGActivityIndicatorTriplePulseAnimation.h */ = {isa = PBXFileReference; fileEncoding = 4; lastKnownFileType = sourcecode.c.h; name = DGActivityIndicatorTriplePulseAnimation.h; path = ThirdParty/Spinner/Animations/DGActivityIndicatorTriplePulseAnimation.h; sourceTree = "<group>"; };
		3300CD9B1D5D2F1F007F0A99 /* DGActivityIndicatorTriplePulseAnimation.m */ = {isa = PBXFileReference; fileEncoding = 4; lastKnownFileType = sourcecode.c.objc; name = DGActivityIndicatorTriplePulseAnimation.m; path = ThirdParty/Spinner/Animations/DGActivityIndicatorTriplePulseAnimation.m; sourceTree = "<group>"; };
		3300CD9C1D5D2F1F007F0A99 /* DGActivityIndicatorTripleRingsAnimation.h */ = {isa = PBXFileReference; fileEncoding = 4; lastKnownFileType = sourcecode.c.h; name = DGActivityIndicatorTripleRingsAnimation.h; path = ThirdParty/Spinner/Animations/DGActivityIndicatorTripleRingsAnimation.h; sourceTree = "<group>"; };
		3300CD9D1D5D2F1F007F0A99 /* DGActivityIndicatorTripleRingsAnimation.m */ = {isa = PBXFileReference; fileEncoding = 4; lastKnownFileType = sourcecode.c.objc; name = DGActivityIndicatorTripleRingsAnimation.m; path = ThirdParty/Spinner/Animations/DGActivityIndicatorTripleRingsAnimation.m; sourceTree = "<group>"; };
		3300CD9E1D5D2F1F007F0A99 /* DGActivityIndicatorTwoDotsAnimation.h */ = {isa = PBXFileReference; fileEncoding = 4; lastKnownFileType = sourcecode.c.h; name = DGActivityIndicatorTwoDotsAnimation.h; path = ThirdParty/Spinner/Animations/DGActivityIndicatorTwoDotsAnimation.h; sourceTree = "<group>"; };
		3300CD9F1D5D2F1F007F0A99 /* DGActivityIndicatorTwoDotsAnimation.m */ = {isa = PBXFileReference; fileEncoding = 4; lastKnownFileType = sourcecode.c.objc; name = DGActivityIndicatorTwoDotsAnimation.m; path = ThirdParty/Spinner/Animations/DGActivityIndicatorTwoDotsAnimation.m; sourceTree = "<group>"; };
		3300CE061D5D2F4C007F0A99 /* DGActivityIndicatorAnimationProtocol.h */ = {isa = PBXFileReference; fileEncoding = 4; lastKnownFileType = sourcecode.c.h; name = DGActivityIndicatorAnimationProtocol.h; path = ThirdParty/Spinner/DGActivityIndicatorAnimationProtocol.h; sourceTree = "<group>"; };
		3308FF031DB99469004D9666 /* HeartBeatTests.swift */ = {isa = PBXFileReference; lastKnownFileType = sourcecode.swift; path = HeartBeatTests.swift; sourceTree = "<group>"; };
		3308FF051DB99469004D9666 /* Info.plist */ = {isa = PBXFileReference; lastKnownFileType = text.plist.xml; path = Info.plist; sourceTree = "<group>"; };
		3308FF0B1DB99731004D9666 /* DatabaseTest.swift */ = {isa = PBXFileReference; fileEncoding = 4; lastKnownFileType = sourcecode.swift; name = DatabaseTest.swift; path = HeartBeatTests/DatabaseTest.swift; sourceTree = SOURCE_ROOT; };
		33193DCD1D7BD1C800624956 /* DataController.swift */ = {isa = PBXFileReference; fileEncoding = 4; lastKnownFileType = sourcecode.swift; name = DataController.swift; path = Controllers/DataController.swift; sourceTree = "<group>"; };
		33389B071D2071F2002F09FA /* MapKit.framework */ = {isa = PBXFileReference; lastKnownFileType = wrapper.framework; name = MapKit.framework; path = Platforms/iPhoneOS.platform/Developer/SDKs/iPhoneOS.sdk/System/Library/Frameworks/MapKit.framework; sourceTree = DEVELOPER_DIR; };
		333B9F601DF40026003F011E /* PermissionsVC.swift */ = {isa = PBXFileReference; fileEncoding = 4; lastKnownFileType = sourcecode.swift; name = PermissionsVC.swift; path = ViewController/PermissionsVC.swift; sourceTree = "<group>"; };
		334130771D500FBB00758A80 /* Workout.swift */ = {isa = PBXFileReference; fileEncoding = 4; lastKnownFileType = sourcecode.swift; name = Workout.swift; path = Models/Workout.swift; sourceTree = "<group>"; };
		33550AC51D53E64E0036122A /* CloudKit.framework */ = {isa = PBXFileReference; lastKnownFileType = wrapper.framework; name = CloudKit.framework; path = System/Library/Frameworks/CloudKit.framework; sourceTree = SDKROOT; };
		33550AC81D53F4F90036122A /* QuickSort.swift */ = {isa = PBXFileReference; fileEncoding = 4; lastKnownFileType = sourcecode.swift; name = QuickSort.swift; path = ThirdParty/Sort/QuickSort.swift; sourceTree = "<group>"; };
		336714971DF3DE2700C2A0D2 /* AccountKitStrings.bundle */ = {isa = PBXFileReference; lastKnownFileType = "wrapper.plug-in"; name = AccountKitStrings.bundle; path = Pods/AccountKit/AccountKitStrings.bundle; sourceTree = "<group>"; };
		336AF2881D2591E400D70DA9 /* Health.swift */ = {isa = PBXFileReference; fileEncoding = 4; lastKnownFileType = sourcecode.swift; name = Health.swift; path = Controllers/Health.swift; sourceTree = "<group>"; };
		336AF2941D25DCC100D70DA9 /* Bluetooth.swift */ = {isa = PBXFileReference; fileEncoding = 4; lastKnownFileType = sourcecode.swift; name = Bluetooth.swift; path = Controllers/Bluetooth.swift; sourceTree = "<group>"; };
		336AF2981D25DF9A00D70DA9 /* CoreBluetooth.framework */ = {isa = PBXFileReference; lastKnownFileType = wrapper.framework; name = CoreBluetooth.framework; path = Platforms/iPhoneOS.platform/Developer/SDKs/iPhoneOS.sdk/System/Library/Frameworks/CoreBluetooth.framework; sourceTree = DEVELOPER_DIR; };
		336C6B941D5FF3640056A088 /* HeartBeat-Bridging-Header.h */ = {isa = PBXFileReference; fileEncoding = 4; lastKnownFileType = sourcecode.c.h; name = "HeartBeat-Bridging-Header.h"; path = "ThirdParty/BridgeFiles/HeartBeat-Bridging-Header.h"; sourceTree = "<group>"; };
		337469271D12416C008F38C4 /* BaseVC.swift */ = {isa = PBXFileReference; fileEncoding = 4; lastKnownFileType = sourcecode.swift; name = BaseVC.swift; path = ViewController/BaseVC.swift; sourceTree = "<group>"; };
		337469281D12416C008F38C4 /* MainVC.swift */ = {isa = PBXFileReference; fileEncoding = 4; lastKnownFileType = sourcecode.swift; name = MainVC.swift; path = ViewController/MainVC.swift; sourceTree = "<group>"; };
		337469301D124192008F38C4 /* SettingsVC.swift */ = {isa = PBXFileReference; fileEncoding = 4; lastKnownFileType = sourcecode.swift; name = SettingsVC.swift; path = ViewController/SettingsVC.swift; sourceTree = "<group>"; };
		337469331D12419F008F38C4 /* LoginVC.swift */ = {isa = PBXFileReference; fileEncoding = 4; lastKnownFileType = sourcecode.swift; name = LoginVC.swift; path = ViewController/LoginVC.swift; sourceTree = "<group>"; };
		337469361D1241B4008F38C4 /* WorkoutVC.swift */ = {isa = PBXFileReference; fileEncoding = 4; lastKnownFileType = sourcecode.swift; name = WorkoutVC.swift; path = ViewController/WorkoutVC.swift; sourceTree = "<group>"; };
		3374693C1D1241CE008F38C4 /* HistoryVC.swift */ = {isa = PBXFileReference; fileEncoding = 4; lastKnownFileType = sourcecode.swift; name = HistoryVC.swift; path = ViewController/HistoryVC.swift; sourceTree = "<group>"; };
		3374693F1D1241F2008F38C4 /* WorkoutSummaryVC.swift */ = {isa = PBXFileReference; fileEncoding = 4; lastKnownFileType = sourcecode.swift; name = WorkoutSummaryVC.swift; path = ViewController/WorkoutSummaryVC.swift; sourceTree = "<group>"; };
		337469421D124212008F38C4 /* WorkoutTypeVC.swift */ = {isa = PBXFileReference; fileEncoding = 4; lastKnownFileType = sourcecode.swift; name = WorkoutTypeVC.swift; path = ViewController/WorkoutTypeVC.swift; sourceTree = "<group>"; };
		337469451D124221008F38C4 /* AudioCuesVC.swift */ = {isa = PBXFileReference; fileEncoding = 4; lastKnownFileType = sourcecode.swift; name = AudioCuesVC.swift; path = ViewController/AudioCuesVC.swift; sourceTree = "<group>"; };
		3374694C1D124846008F38C4 /* YZSwipeBetweenViewController.h */ = {isa = PBXFileReference; fileEncoding = 4; lastKnownFileType = sourcecode.c.h; name = YZSwipeBetweenViewController.h; path = ThirdParty/SnapChatUI/YZSwipeBetweenViewController.h; sourceTree = "<group>"; };
		3374694D1D124846008F38C4 /* YZSwipeBetweenViewController.m */ = {isa = PBXFileReference; fileEncoding = 4; lastKnownFileType = sourcecode.c.objc; name = YZSwipeBetweenViewController.m; path = ThirdParty/SnapChatUI/YZSwipeBetweenViewController.m; sourceTree = "<group>"; };
		337469521D126920008F38C4 /* HealthKit.framework */ = {isa = PBXFileReference; lastKnownFileType = wrapper.framework; name = HealthKit.framework; path = Platforms/iPhoneOS.platform/Developer/SDKs/iPhoneOS.sdk/System/Library/Frameworks/HealthKit.framework; sourceTree = DEVELOPER_DIR; };
		3377FEBD1D289E0200D0BA98 /* WorkoutController.swift */ = {isa = PBXFileReference; fileEncoding = 4; lastKnownFileType = sourcecode.swift; name = WorkoutController.swift; path = Controllers/WorkoutController.swift; sourceTree = "<group>"; };
		3377FEC21D28D5CD00D0BA98 /* NSTimer+Pause.h */ = {isa = PBXFileReference; fileEncoding = 4; lastKnownFileType = sourcecode.c.h; name = "NSTimer+Pause.h"; path = "ThirdParty/NSTimer+Pause/NSTimer+Pause.h"; sourceTree = "<group>"; };
		3377FEC31D28D5CD00D0BA98 /* NSTimer+Pause.m */ = {isa = PBXFileReference; fileEncoding = 4; lastKnownFileType = sourcecode.c.objc; name = "NSTimer+Pause.m"; path = "ThirdParty/NSTimer+Pause/NSTimer+Pause.m"; sourceTree = "<group>"; };
		3377FED11D2C793F00D0BA98 /* VO2Max.swift */ = {isa = PBXFileReference; fileEncoding = 4; lastKnownFileType = sourcecode.swift; name = VO2Max.swift; path = Models/VO2Max.swift; sourceTree = "<group>"; };
		33858BCD1D5554600078127B /* CloudKit.swift */ = {isa = PBXFileReference; fileEncoding = 4; lastKnownFileType = sourcecode.swift; name = CloudKit.swift; path = Controllers/CloudKit.swift; sourceTree = "<group>"; };
		33A93BE51D75216100770375 /* CoreData.swift */ = {isa = PBXFileReference; fileEncoding = 4; lastKnownFileType = sourcecode.swift; name = CoreData.swift; path = Controllers/CoreData.swift; sourceTree = "<group>"; };
		33DE2B701D2CD57D00D78811 /* SpeechUtterance.swift */ = {isa = PBXFileReference; fileEncoding = 4; lastKnownFileType = sourcecode.swift; name = SpeechUtterance.swift; path = Controllers/SpeechUtterance.swift; sourceTree = "<group>"; };
		33E365171DF3B697004B7405 /* AccountKit.framework */ = {isa = PBXFileReference; lastKnownFileType = wrapper.framework; name = AccountKit.framework; path = Pods/AccountKit/AccountKit.framework; sourceTree = "<group>"; };
		33F271AD1D123D8500588247 /* HeartBeat.app */ = {isa = PBXFileReference; explicitFileType = wrapper.application; includeInIndex = 0; path = HeartBeat.app; sourceTree = BUILT_PRODUCTS_DIR; };
		33F271B01D123D8500588247 /* AppDelegate.swift */ = {isa = PBXFileReference; lastKnownFileType = sourcecode.swift; path = AppDelegate.swift; sourceTree = "<group>"; };
		33F271B51D123D8500588247 /* Base */ = {isa = PBXFileReference; lastKnownFileType = file.storyboard; name = Base; path = Base.lproj/Main.storyboard; sourceTree = "<group>"; };
		33F271B81D123D8500588247 /* HeartBeat.xcdatamodel */ = {isa = PBXFileReference; lastKnownFileType = wrapper.xcdatamodel; path = HeartBeat.xcdatamodel; sourceTree = "<group>"; };
		33F271BA1D123D8500588247 /* Assets.xcassets */ = {isa = PBXFileReference; lastKnownFileType = folder.assetcatalog; path = Assets.xcassets; sourceTree = "<group>"; };
		33F271BD1D123D8500588247 /* Base */ = {isa = PBXFileReference; lastKnownFileType = file.storyboard; name = Base; path = Base.lproj/LaunchScreen.storyboard; sourceTree = "<group>"; };
		33F271BF1D123D8500588247 /* Info.plist */ = {isa = PBXFileReference; lastKnownFileType = text.plist.xml; path = Info.plist; sourceTree = "<group>"; };
		33F271E11D123F1300588247 /* AVFoundation.framework */ = {isa = PBXFileReference; lastKnownFileType = wrapper.framework; name = AVFoundation.framework; path = System/Library/Frameworks/AVFoundation.framework; sourceTree = SDKROOT; };
		33F272431D123FA400588247 /* HeartBeat.entitlements */ = {isa = PBXFileReference; lastKnownFileType = text.xml; path = HeartBeat.entitlements; sourceTree = "<group>"; };
		33FF20C01D5FF12200EBAFDD /* SettingsTableViewCell.swift */ = {isa = PBXFileReference; fileEncoding = 4; lastKnownFileType = sourcecode.swift; name = SettingsTableViewCell.swift; path = ThirdParty/CustomClasses/SettingsTableViewCell.swift; sourceTree = "<group>"; };
		3A6F934C1EF9B67F00A81FF1 /* BEMAverageLine.h */ = {isa = PBXFileReference; fileEncoding = 4; lastKnownFileType = sourcecode.c.h; name = BEMAverageLine.h; path = ThirdParty/BEMLineGraph/BEMAverageLine.h; sourceTree = "<group>"; };
		3A6F934D1EF9B67F00A81FF1 /* BEMAverageLine.m */ = {isa = PBXFileReference; fileEncoding = 4; lastKnownFileType = sourcecode.c.objc; name = BEMAverageLine.m; path = ThirdParty/BEMLineGraph/BEMAverageLine.m; sourceTree = "<group>"; };
		3A6F934E1EF9B67F00A81FF1 /* BEMCircle.h */ = {isa = PBXFileReference; fileEncoding = 4; lastKnownFileType = sourcecode.c.h; name = BEMCircle.h; path = ThirdParty/BEMLineGraph/BEMCircle.h; sourceTree = "<group>"; };
		3A6F934F1EF9B67F00A81FF1 /* BEMCircle.m */ = {isa = PBXFileReference; fileEncoding = 4; lastKnownFileType = sourcecode.c.objc; name = BEMCircle.m; path = ThirdParty/BEMLineGraph/BEMCircle.m; sourceTree = "<group>"; };
		3A6F93501EF9B67F00A81FF1 /* BEMGraphCalculator.h */ = {isa = PBXFileReference; fileEncoding = 4; lastKnownFileType = sourcecode.c.h; name = BEMGraphCalculator.h; path = ThirdParty/BEMLineGraph/BEMGraphCalculator.h; sourceTree = "<group>"; };
		3A6F93511EF9B67F00A81FF1 /* BEMGraphCalculator.m */ = {isa = PBXFileReference; fileEncoding = 4; lastKnownFileType = sourcecode.c.objc; name = BEMGraphCalculator.m; path = ThirdParty/BEMLineGraph/BEMGraphCalculator.m; sourceTree = "<group>"; };
		3A6F93521EF9B67F00A81FF1 /* BEMLine.h */ = {isa = PBXFileReference; fileEncoding = 4; lastKnownFileType = sourcecode.c.h; name = BEMLine.h; path = ThirdParty/BEMLineGraph/BEMLine.h; sourceTree = "<group>"; };
		3A6F93531EF9B67F00A81FF1 /* BEMLine.m */ = {isa = PBXFileReference; fileEncoding = 4; lastKnownFileType = sourcecode.c.objc; name = BEMLine.m; path = ThirdParty/BEMLineGraph/BEMLine.m; sourceTree = "<group>"; };
		3A6F93541EF9B67F00A81FF1 /* BEMSimpleLineGraphView.h */ = {isa = PBXFileReference; fileEncoding = 4; lastKnownFileType = sourcecode.c.h; name = BEMSimpleLineGraphView.h; path = ThirdParty/BEMLineGraph/BEMSimpleLineGraphView.h; sourceTree = "<group>"; };
		3A6F93551EF9B67F00A81FF1 /* BEMSimpleLineGraphView.m */ = {isa = PBXFileReference; fileEncoding = 4; lastKnownFileType = sourcecode.c.objc; name = BEMSimpleLineGraphView.m; path = ThirdParty/BEMLineGraph/BEMSimpleLineGraphView.m; sourceTree = "<group>"; };
		3ADC2A6A1E13072000C05B6C /* ImageIO.framework */ = {isa = PBXFileReference; lastKnownFileType = wrapper.framework; name = ImageIO.framework; path = System/Library/Frameworks/ImageIO.framework; sourceTree = SDKROOT; };
		3ADC2A6C1E13072800C05B6C /* MobileCoreServices.framework */ = {isa = PBXFileReference; lastKnownFileType = wrapper.framework; name = MobileCoreServices.framework; path = System/Library/Frameworks/MobileCoreServices.framework; sourceTree = SDKROOT; };
		874A562BBCB9174AC2EA2A9A /* Pods-HeartBeat.debug.xcconfig */ = {isa = PBXFileReference; includeInIndex = 1; lastKnownFileType = text.xcconfig; name = "Pods-HeartBeat.debug.xcconfig"; path = "Pods/Target Support Files/Pods-HeartBeat/Pods-HeartBeat.debug.xcconfig"; sourceTree = "<group>"; };
		D4B4ABA89F999A405E14FF20 /* libPods-HeartBeat.a */ = {isa = PBXFileReference; explicitFileType = archive.ar; includeInIndex = 0; path = "libPods-HeartBeat.a"; sourceTree = BUILT_PRODUCTS_DIR; };
		FDF0355659680E709A71D8E8 /* Pods-HeartBeat.release.xcconfig */ = {isa = PBXFileReference; includeInIndex = 1; lastKnownFileType = text.xcconfig; name = "Pods-HeartBeat.release.xcconfig"; path = "Pods/Target Support Files/Pods-HeartBeat/Pods-HeartBeat.release.xcconfig"; sourceTree = "<group>"; };
/* End PBXFileReference section */

/* Begin PBXFrameworksBuildPhase section */
		33F271AA1D123D8500588247 /* Frameworks */ = {
			isa = PBXFrameworksBuildPhase;
			buildActionMask = 2147483647;
			files = (
				3ADC2A6D1E13072800C05B6C /* MobileCoreServices.framework in Frameworks */,
				3ADC2A6B1E13072000C05B6C /* ImageIO.framework in Frameworks */,
				336714981DF3DE2700C2A0D2 /* AccountKitStrings.bundle in Frameworks */,
				33E365181DF3B697004B7405 /* AccountKit.framework in Frameworks */,
				33550AC61D53E64E0036122A /* CloudKit.framework in Frameworks */,
				33F271E21D123F1300588247 /* AVFoundation.framework in Frameworks */,
				33389B081D2071F2002F09FA /* MapKit.framework in Frameworks */,
				336AF2991D25DF9A00D70DA9 /* CoreBluetooth.framework in Frameworks */,
				337469531D126920008F38C4 /* HealthKit.framework in Frameworks */,
				AC0CA1DD9616AA426683B58C /* libPods-HeartBeat.a in Frameworks */,
			);
			runOnlyForDeploymentPostprocessing = 0;
		};
/* End PBXFrameworksBuildPhase section */

/* Begin PBXGroup section */
		0175E9AF51125D2CCC35525F /* Frameworks */ = {
			isa = PBXGroup;
			children = (
				3ADC2A6C1E13072800C05B6C /* MobileCoreServices.framework */,
				3ADC2A6A1E13072000C05B6C /* ImageIO.framework */,
				336714971DF3DE2700C2A0D2 /* AccountKitStrings.bundle */,
				33E365171DF3B697004B7405 /* AccountKit.framework */,
				D4B4ABA89F999A405E14FF20 /* libPods-HeartBeat.a */,
			);
			name = Frameworks;
			sourceTree = "<group>";
		};
		044E9A44251CC8EB886A8F11 /* Pods */ = {
			isa = PBXGroup;
			children = (
				874A562BBCB9174AC2EA2A9A /* Pods-HeartBeat.debug.xcconfig */,
				FDF0355659680E709A71D8E8 /* Pods-HeartBeat.release.xcconfig */,
			);
			name = Pods;
			sourceTree = "<group>";
		};
		3300CD551D5D2D59007F0A99 /* Spinner */ = {
			isa = PBXGroup;
			children = (
				3300CD5B1D5D2F11007F0A99 /* Animations */,
				3300CE061D5D2F4C007F0A99 /* DGActivityIndicatorAnimationProtocol.h */,
				3300CD561D5D2DEA007F0A99 /* DGActivityIndicatorView.h */,
				3300CD571D5D2DEA007F0A99 /* DGActivityIndicatorView.m */,
			);
			name = Spinner;
			sourceTree = "<group>";
		};
		3300CD5B1D5D2F11007F0A99 /* Animations */ = {
			isa = PBXGroup;
			children = (
				3300CD5C1D5D2F1F007F0A99 /* DGActivityIndicatorAnimation.h */,
				3300CD5D1D5D2F1F007F0A99 /* DGActivityIndicatorAnimation.m */,
				3300CD5E1D5D2F1F007F0A99 /* DGActivityIndicatorBallBeatAnimation.h */,
				3300CD5F1D5D2F1F007F0A99 /* DGActivityIndicatorBallBeatAnimation.m */,
				3300CD601D5D2F1F007F0A99 /* DGActivityIndicatorBallClipRotateAnimation.h */,
				3300CD611D5D2F1F007F0A99 /* DGActivityIndicatorBallClipRotateAnimation.m */,
				3300CD621D5D2F1F007F0A99 /* DGActivityIndicatorBallClipRotateMultipleAnimation.h */,
				3300CD631D5D2F1F007F0A99 /* DGActivityIndicatorBallClipRotateMultipleAnimation.m */,
				3300CD641D5D2F1F007F0A99 /* DGActivityIndicatorBallClipRotatePulseAnimation.h */,
				3300CD651D5D2F1F007F0A99 /* DGActivityIndicatorBallClipRotatePulseAnimation.m */,
				3300CD661D5D2F1F007F0A99 /* DGActivityIndicatorBallGridBeatAnimation.h */,
				3300CD671D5D2F1F007F0A99 /* DGActivityIndicatorBallGridBeatAnimation.m */,
				3300CD681D5D2F1F007F0A99 /* DGActivityIndicatorBallGridPulseAnimation.h */,
				3300CD691D5D2F1F007F0A99 /* DGActivityIndicatorBallGridPulseAnimation.m */,
				3300CD6A1D5D2F1F007F0A99 /* DGActivityIndicatorBallPulseAnimation.h */,
				3300CD6B1D5D2F1F007F0A99 /* DGActivityIndicatorBallPulseAnimation.m */,
				3300CD6C1D5D2F1F007F0A99 /* DGActivityIndicatorBallPulseSyncAnimation.h */,
				3300CD6D1D5D2F1F007F0A99 /* DGActivityIndicatorBallPulseSyncAnimation.m */,
				3300CD6E1D5D2F1F007F0A99 /* DGActivityIndicatorBallRotateAnimation.h */,
				3300CD6F1D5D2F1F007F0A99 /* DGActivityIndicatorBallRotateAnimation.m */,
				3300CD701D5D2F1F007F0A99 /* DGActivityIndicatorBallScaleAnimation.h */,
				3300CD711D5D2F1F007F0A99 /* DGActivityIndicatorBallScaleAnimation.m */,
				3300CD721D5D2F1F007F0A99 /* DGActivityIndicatorBallScaleMultipleAnimation.h */,
				3300CD731D5D2F1F007F0A99 /* DGActivityIndicatorBallScaleMultipleAnimation.m */,
				3300CD741D5D2F1F007F0A99 /* DGActivityIndicatorBallScaleRippleAnimation.h */,
				3300CD751D5D2F1F007F0A99 /* DGActivityIndicatorBallScaleRippleAnimation.m */,
				3300CD761D5D2F1F007F0A99 /* DGActivityIndicatorBallScaleRippleMultipleAnimation.h */,
				3300CD771D5D2F1F007F0A99 /* DGActivityIndicatorBallScaleRippleMultipleAnimation.m */,
				3300CD781D5D2F1F007F0A99 /* DGActivityIndicatorBallSpinFadeLoader.h */,
				3300CD791D5D2F1F007F0A99 /* DGActivityIndicatorBallSpinFadeLoader.m */,
				3300CD7A1D5D2F1F007F0A99 /* DGActivityIndicatorBallTrianglePathAnimation.h */,
				3300CD7B1D5D2F1F007F0A99 /* DGActivityIndicatorBallTrianglePathAnimation.m */,
				3300CD7C1D5D2F1F007F0A99 /* DGActivityIndicatorBallZigZagAnimation.h */,
				3300CD7D1D5D2F1F007F0A99 /* DGActivityIndicatorBallZigZagAnimation.m */,
				3300CD7E1D5D2F1F007F0A99 /* DGActivityIndicatorBallZigZagDeflectAnimation.h */,
				3300CD7F1D5D2F1F007F0A99 /* DGActivityIndicatorBallZigZagDeflectAnimation.m */,
				3300CD801D5D2F1F007F0A99 /* DGActivityIndicatorCookieTerminatorAnimation.h */,
				3300CD811D5D2F1F007F0A99 /* DGActivityIndicatorCookieTerminatorAnimation.m */,
				3300CD821D5D2F1F007F0A99 /* DGActivityIndicatorDoubleBounceAnimation.h */,
				3300CD831D5D2F1F007F0A99 /* DGActivityIndicatorDoubleBounceAnimation.m */,
				3300CD841D5D2F1F007F0A99 /* DGActivityIndicatorFiveDotsAnimation.h */,
				3300CD851D5D2F1F007F0A99 /* DGActivityIndicatorFiveDotsAnimation.m */,
				3300CD861D5D2F1F007F0A99 /* DGActivityIndicatorLineScaleAnimation.h */,
				3300CD871D5D2F1F007F0A99 /* DGActivityIndicatorLineScaleAnimation.m */,
				3300CD881D5D2F1F007F0A99 /* DGActivityIndicatorLineScalePartyAnimation.h */,
				3300CD891D5D2F1F007F0A99 /* DGActivityIndicatorLineScalePartyAnimation.m */,
				3300CD8A1D5D2F1F007F0A99 /* DGActivityIndicatorLineScalePulseOutAnimation.h */,
				3300CD8B1D5D2F1F007F0A99 /* DGActivityIndicatorLineScalePulseOutAnimation.m */,
				3300CD8C1D5D2F1F007F0A99 /* DGActivityIndicatorLineScalePulseOutRapidAnimation.h */,
				3300CD8D1D5D2F1F007F0A99 /* DGActivityIndicatorLineScalePulseOutRapidAnimation.m */,
				3300CD8E1D5D2F1F007F0A99 /* DGActivityIndicatorNineDotsAnimation.h */,
				3300CD8F1D5D2F1F007F0A99 /* DGActivityIndicatorNineDotsAnimation.m */,
				3300CD901D5D2F1F007F0A99 /* DGActivityIndicatorRotatingSandglassAnimation.h */,
				3300CD911D5D2F1F007F0A99 /* DGActivityIndicatorRotatingSandglassAnimation.m */,
				3300CD921D5D2F1F007F0A99 /* DGActivityIndicatorRotatingSquaresAnimation.h */,
				3300CD931D5D2F1F007F0A99 /* DGActivityIndicatorRotatingSquaresAnimation.m */,
				3300CD941D5D2F1F007F0A99 /* DGActivityIndicatorRotatingTrigonAnimation.h */,
				3300CD951D5D2F1F007F0A99 /* DGActivityIndicatorRotatingTrigonAnimation.m */,
				3300CD961D5D2F1F007F0A99 /* DGActivityIndicatorThreeDotsAnimation.h */,
				3300CD971D5D2F1F007F0A99 /* DGActivityIndicatorThreeDotsAnimation.m */,
				3300CD981D5D2F1F007F0A99 /* DGActivityIndicatorTriangleSkewSpinAnimation.h */,
				3300CD991D5D2F1F007F0A99 /* DGActivityIndicatorTriangleSkewSpinAnimation.m */,
				3300CD9A1D5D2F1F007F0A99 /* DGActivityIndicatorTriplePulseAnimation.h */,
				3300CD9B1D5D2F1F007F0A99 /* DGActivityIndicatorTriplePulseAnimation.m */,
				3300CD9C1D5D2F1F007F0A99 /* DGActivityIndicatorTripleRingsAnimation.h */,
				3300CD9D1D5D2F1F007F0A99 /* DGActivityIndicatorTripleRingsAnimation.m */,
				3300CD9E1D5D2F1F007F0A99 /* DGActivityIndicatorTwoDotsAnimation.h */,
				3300CD9F1D5D2F1F007F0A99 /* DGActivityIndicatorTwoDotsAnimation.m */,
			);
			name = Animations;
			sourceTree = "<group>";
		};
		3308FF021DB99469004D9666 /* HeartBeatTests */ = {
			isa = PBXGroup;
			children = (
				3308FF031DB99469004D9666 /* HeartBeatTests.swift */,
				3308FF051DB99469004D9666 /* Info.plist */,
			);
			path = HeartBeatTests;
			sourceTree = "<group>";
		};
		3308FF0D1DB99743004D9666 /* Test */ = {
			isa = PBXGroup;
			children = (
				3308FF0B1DB99731004D9666 /* DatabaseTest.swift */,
			);
			name = Test;
			sourceTree = "<group>";
		};
		33389B0C1D21DE2F002F09FA /* Custom Classes */ = {
			isa = PBXGroup;
			children = (
				33FF20C01D5FF12200EBAFDD /* SettingsTableViewCell.swift */,
			);
			name = "Custom Classes";
			sourceTree = "<group>";
		};
		33550AC71D53F4D90036122A /* QuickSort */ = {
			isa = PBXGroup;
			children = (
				33550AC81D53F4F90036122A /* QuickSort.swift */,
			);
			name = QuickSort;
			sourceTree = "<group>";
		};
		336AF27F1D231B7100D70DA9 /* Models */ = {
			isa = PBXGroup;
			children = (
				3377FED11D2C793F00D0BA98 /* VO2Max.swift */,
				334130771D500FBB00758A80 /* Workout.swift */,
			);
			name = Models;
			sourceTree = "<group>";
		};
		336AF2871D2580FB00D70DA9 /* Controllers */ = {
			isa = PBXGroup;
			children = (
				3300CD511D5C40B3007F0A99 /* UserSettings.swift */,
				336AF2881D2591E400D70DA9 /* Health.swift */,
				336AF2941D25DCC100D70DA9 /* Bluetooth.swift */,
				3377FEBD1D289E0200D0BA98 /* WorkoutController.swift */,
				33DE2B701D2CD57D00D78811 /* SpeechUtterance.swift */,
				33858BCD1D5554600078127B /* CloudKit.swift */,
				33A93BE51D75216100770375 /* CoreData.swift */,
				33193DCD1D7BD1C800624956 /* DataController.swift */,
			);
			name = Controllers;
			sourceTree = "<group>";
		};
		337469261D124157008F38C4 /* ViewControllers */ = {
			isa = PBXGroup;
			children = (
				337469451D124221008F38C4 /* AudioCuesVC.swift */,
				337469271D12416C008F38C4 /* BaseVC.swift */,
				3374693C1D1241CE008F38C4 /* HistoryVC.swift */,
				337469331D12419F008F38C4 /* LoginVC.swift */,
				337469281D12416C008F38C4 /* MainVC.swift */,
				333B9F601DF40026003F011E /* PermissionsVC.swift */,
				337469301D124192008F38C4 /* SettingsVC.swift */,
				3374693F1D1241F2008F38C4 /* WorkoutSummaryVC.swift */,
				337469421D124212008F38C4 /* WorkoutTypeVC.swift */,
				337469361D1241B4008F38C4 /* WorkoutVC.swift */,
			);
			name = ViewControllers;
			sourceTree = "<group>";
		};
		337469481D124808008F38C4 /* SnapChatUI */ = {
			isa = PBXGroup;
			children = (
				3374694C1D124846008F38C4 /* YZSwipeBetweenViewController.h */,
				3374694D1D124846008F38C4 /* YZSwipeBetweenViewController.m */,
			);
			name = SnapChatUI;
			sourceTree = "<group>";
		};
		337469491D124811008F38C4 /* BridgeFiles */ = {
			isa = PBXGroup;
			children = (
				336C6B941D5FF3640056A088 /* HeartBeat-Bridging-Header.h */,
			);
			name = BridgeFiles;
			sourceTree = "<group>";
		};
		337469501D12485A008F38C4 /* ThirdParty */ = {
			isa = PBXGroup;
			children = (
				3385C1DE1D643CBF00F01F94 /* FacebookSDK */,
				3300CD551D5D2D59007F0A99 /* Spinner */,
				3377FEC11D28D5A600D0BA98 /* NSTimer+Pause */,
				3377FEAD1D28999500D0BA98 /* BEMSimpleLineGraph */,
				33389B0C1D21DE2F002F09FA /* Custom Classes */,
				337469481D124808008F38C4 /* SnapChatUI */,
				33550AC71D53F4D90036122A /* QuickSort */,
				337469491D124811008F38C4 /* BridgeFiles */,
			);
			name = ThirdParty;
			sourceTree = "<group>";
		};
		337469511D1268FD008F38C4 /* Frameworks */ = {
			isa = PBXGroup;
			children = (
				33550AC51D53E64E0036122A /* CloudKit.framework */,
				336AF2981D25DF9A00D70DA9 /* CoreBluetooth.framework */,
				33389B071D2071F2002F09FA /* MapKit.framework */,
				337469521D126920008F38C4 /* HealthKit.framework */,
				33F271E11D123F1300588247 /* AVFoundation.framework */,
			);
			name = Frameworks;
			sourceTree = "<group>";
		};
		3377FEAD1D28999500D0BA98 /* BEMSimpleLineGraph */ = {
			isa = PBXGroup;
			children = (
				3A6F934C1EF9B67F00A81FF1 /* BEMAverageLine.h */,
				3A6F934D1EF9B67F00A81FF1 /* BEMAverageLine.m */,
				3A6F934E1EF9B67F00A81FF1 /* BEMCircle.h */,
				3A6F934F1EF9B67F00A81FF1 /* BEMCircle.m */,
				3A6F93501EF9B67F00A81FF1 /* BEMGraphCalculator.h */,
				3A6F93511EF9B67F00A81FF1 /* BEMGraphCalculator.m */,
				3A6F93521EF9B67F00A81FF1 /* BEMLine.h */,
				3A6F93531EF9B67F00A81FF1 /* BEMLine.m */,
				3A6F93541EF9B67F00A81FF1 /* BEMSimpleLineGraphView.h */,
				3A6F93551EF9B67F00A81FF1 /* BEMSimpleLineGraphView.m */,
			);
			name = BEMSimpleLineGraph;
			sourceTree = "<group>";
		};
		3377FEC11D28D5A600D0BA98 /* NSTimer+Pause */ = {
			isa = PBXGroup;
			children = (
				3377FEC21D28D5CD00D0BA98 /* NSTimer+Pause.h */,
				3377FEC31D28D5CD00D0BA98 /* NSTimer+Pause.m */,
			);
			name = "NSTimer+Pause";
			sourceTree = "<group>";
		};
		3385C1DE1D643CBF00F01F94 /* FacebookSDK */ = {
			isa = PBXGroup;
			children = (
			);
			name = FacebookSDK;
			sourceTree = "<group>";
		};
		33F271A41D123D8500588247 = {
			isa = PBXGroup;
			children = (
				33F271AF1D123D8500588247 /* HeartBeat */,
				3308FF021DB99469004D9666 /* HeartBeatTests */,
				33F271AE1D123D8500588247 /* Products */,
				044E9A44251CC8EB886A8F11 /* Pods */,
				0175E9AF51125D2CCC35525F /* Frameworks */,
			);
			sourceTree = "<group>";
		};
		33F271AE1D123D8500588247 /* Products */ = {
			isa = PBXGroup;
			children = (
				33F271AD1D123D8500588247 /* HeartBeat.app */,
			);
			name = Products;
			sourceTree = "<group>";
		};
		33F271AF1D123D8500588247 /* HeartBeat */ = {
			isa = PBXGroup;
			children = (
				33F272431D123FA400588247 /* HeartBeat.entitlements */,
				33F271B41D123D8500588247 /* Main.storyboard */,
				33F271B01D123D8500588247 /* AppDelegate.swift */,
				336AF27F1D231B7100D70DA9 /* Models */,
				336AF2871D2580FB00D70DA9 /* Controllers */,
				337469261D124157008F38C4 /* ViewControllers */,
				337469501D12485A008F38C4 /* ThirdParty */,
				337469511D1268FD008F38C4 /* Frameworks */,
				3308FF0D1DB99743004D9666 /* Test */,
				33F271BC1D123D8500588247 /* LaunchScreen.storyboard */,
				33F271BA1D123D8500588247 /* Assets.xcassets */,
				33F271BF1D123D8500588247 /* Info.plist */,
				33F271B71D123D8500588247 /* HeartBeat.xcdatamodeld */,
			);
			path = HeartBeat;
			sourceTree = "<group>";
		};
/* End PBXGroup section */

/* Begin PBXNativeTarget section */
		33F271AC1D123D8500588247 /* HeartBeat */ = {
			isa = PBXNativeTarget;
			buildConfigurationList = 33F271D81D123D8500588247 /* Build configuration list for PBXNativeTarget "HeartBeat" */;
			buildPhases = (
				D99E63C27645DB168292A043 /* [CP] Check Pods Manifest.lock */,
				33F271A91D123D8500588247 /* Sources */,
				33F271AA1D123D8500588247 /* Frameworks */,
				33F271AB1D123D8500588247 /* Resources */,
				E37627F3789B37EB52434797 /* [CP] Embed Pods Frameworks */,
				8D8FDD3200915537207F5045 /* [CP] Copy Pods Resources */,
			);
			buildRules = (
			);
			dependencies = (
			);
			name = HeartBeat;
			productName = HeartBeat;
			productReference = 33F271AD1D123D8500588247 /* HeartBeat.app */;
			productType = "com.apple.product-type.application";
		};
/* End PBXNativeTarget section */

/* Begin PBXProject section */
		33F271A51D123D8500588247 /* Project object */ = {
			isa = PBXProject;
			attributes = {
				LastSwiftUpdateCheck = 0800;
				LastUpgradeCheck = 0800;
				ORGANIZATIONNAME = Mxtapes;
				TargetAttributes = {
					33F271AC1D123D8500588247 = {
						CreatedOnToolsVersion = 7.3;
						DevelopmentTeam = K8YR4WT3S5;
						LastSwiftMigration = 0830;
						SystemCapabilities = {
							com.apple.HealthKit = {
								enabled = 1;
							};
							com.apple.iCloud = {
								enabled = 1;
							};
						};
					};
				};
			};
			buildConfigurationList = 33F271A81D123D8500588247 /* Build configuration list for PBXProject "HeartBeat" */;
			compatibilityVersion = "Xcode 8.0";
			developmentRegion = English;
			hasScannedForEncodings = 0;
			knownRegions = (
				en,
				Base,
			);
			mainGroup = 33F271A41D123D8500588247;
			productRefGroup = 33F271AE1D123D8500588247 /* Products */;
			projectDirPath = "";
			projectRoot = "";
			targets = (
				33F271AC1D123D8500588247 /* HeartBeat */,
			);
		};
/* End PBXProject section */

/* Begin PBXResourcesBuildPhase section */
		33F271AB1D123D8500588247 /* Resources */ = {
			isa = PBXResourcesBuildPhase;
			buildActionMask = 2147483647;
			files = (
				33F271BE1D123D8500588247 /* LaunchScreen.storyboard in Resources */,
				33F271BB1D123D8500588247 /* Assets.xcassets in Resources */,
				33F271B61D123D8500588247 /* Main.storyboard in Resources */,
			);
			runOnlyForDeploymentPostprocessing = 0;
		};
/* End PBXResourcesBuildPhase section */

/* Begin PBXShellScriptBuildPhase section */
		8D8FDD3200915537207F5045 /* [CP] Copy Pods Resources */ = {
			isa = PBXShellScriptBuildPhase;
			buildActionMask = 2147483647;
			files = (
			);
			inputPaths = (
			);
			name = "[CP] Copy Pods Resources";
			outputPaths = (
			);
			runOnlyForDeploymentPostprocessing = 0;
			shellPath = /bin/sh;
			shellScript = "\"${SRCROOT}/Pods/Target Support Files/Pods-HeartBeat/Pods-HeartBeat-resources.sh\"\n";
			showEnvVarsInLog = 0;
		};
		D99E63C27645DB168292A043 /* [CP] Check Pods Manifest.lock */ = {
			isa = PBXShellScriptBuildPhase;
			buildActionMask = 2147483647;
			files = (
			);
			inputPaths = (
			);
			name = "[CP] Check Pods Manifest.lock";
			outputPaths = (
			);
			runOnlyForDeploymentPostprocessing = 0;
			shellPath = /bin/sh;
			shellScript = "diff \"${PODS_PODFILE_DIR_PATH}/Podfile.lock\" \"${PODS_ROOT}/Manifest.lock\" > /dev/null\nif [ $? != 0 ] ; then\n    # print error to STDERR\n    echo \"error: The sandbox is not in sync with the Podfile.lock. Run 'pod install' or update your CocoaPods installation.\" >&2\n    exit 1\nfi\n";
			showEnvVarsInLog = 0;
		};
		E37627F3789B37EB52434797 /* [CP] Embed Pods Frameworks */ = {
			isa = PBXShellScriptBuildPhase;
			buildActionMask = 2147483647;
			files = (
			);
			inputPaths = (
			);
			name = "[CP] Embed Pods Frameworks";
			outputPaths = (
			);
			runOnlyForDeploymentPostprocessing = 0;
			shellPath = /bin/sh;
			shellScript = "\"${SRCROOT}/Pods/Target Support Files/Pods-HeartBeat/Pods-HeartBeat-frameworks.sh\"\n";
			showEnvVarsInLog = 0;
		};
/* End PBXShellScriptBuildPhase section */

/* Begin PBXSourcesBuildPhase section */
		33F271A91D123D8500588247 /* Sources */ = {
			isa = PBXSourcesBuildPhase;
			buildActionMask = 2147483647;
			files = (
				3300CDE21D5D2F1F007F0A99 /* DGActivityIndicatorLineScalePartyAnimation.m in Sources */,
				3300CDD91D5D2F1F007F0A99 /* DGActivityIndicatorDoubleBounceAnimation.m in Sources */,
				3300CDA91D5D2F1F007F0A99 /* DGActivityIndicatorBallClipRotateMultipleAnimation.m in Sources */,
				336AF2951D25DCC100D70DA9 /* Bluetooth.swift in Sources */,
				3300CE001D5D2F1F007F0A99 /* DGActivityIndicatorTripleRingsAnimation.m in Sources */,
				3300CDDF1D5D2F1F007F0A99 /* DGActivityIndicatorLineScaleAnimation.m in Sources */,
				3300CDE51D5D2F1F007F0A99 /* DGActivityIndicatorLineScalePulseOutAnimation.m in Sources */,
				33BA773E1D187E72009BD322 /* YZSwipeBetweenViewController.m in Sources */,
				3A6F93571EF9B67F00A81FF1 /* BEMCircle.m in Sources */,
				33DE2B711D2CD57D00D78811 /* SpeechUtterance.swift in Sources */,
				337469551D126DB2008F38C4 /* AppDelegate.swift in Sources */,
				3300CDC71D5D2F1F007F0A99 /* DGActivityIndicatorBallScaleRippleMultipleAnimation.m in Sources */,
				33FF20C11D5FF12200EBAFDD /* SettingsTableViewCell.swift in Sources */,
				3300CDF71D5D2F1F007F0A99 /* DGActivityIndicatorThreeDotsAnimation.m in Sources */,
				3300CDA31D5D2F1F007F0A99 /* DGActivityIndicatorBallBeatAnimation.m in Sources */,
				33F271B91D123D8500588247 /* HeartBeat.xcdatamodeld in Sources */,
				3374693D1D1241CE008F38C4 /* HistoryVC.swift in Sources */,
				333B9F611DF40026003F011E /* PermissionsVC.swift in Sources */,
				3300CDEB1D5D2F1F007F0A99 /* DGActivityIndicatorNineDotsAnimation.m in Sources */,
				3374692B1D12416C008F38C4 /* MainVC.swift in Sources */,
				3A6F93591EF9B67F00A81FF1 /* BEMLine.m in Sources */,
				337469461D124221008F38C4 /* AudioCuesVC.swift in Sources */,
				3300CDD61D5D2F1F007F0A99 /* DGActivityIndicatorCookieTerminatorAnimation.m in Sources */,
				3300CDC41D5D2F1F007F0A99 /* DGActivityIndicatorBallScaleRippleAnimation.m in Sources */,
				3300CD521D5C40B3007F0A99 /* UserSettings.swift in Sources */,
				3300CD581D5D2DEA007F0A99 /* DGActivityIndicatorView.m in Sources */,
				3300CDEE1D5D2F1F007F0A99 /* DGActivityIndicatorRotatingSandglassAnimation.m in Sources */,
				3300CDA61D5D2F1F007F0A99 /* DGActivityIndicatorBallClipRotateAnimation.m in Sources */,
				3300CDE81D5D2F1F007F0A99 /* DGActivityIndicatorLineScalePulseOutRapidAnimation.m in Sources */,
				3300CDDC1D5D2F1F007F0A99 /* DGActivityIndicatorFiveDotsAnimation.m in Sources */,
				337469341D12419F008F38C4 /* LoginVC.swift in Sources */,
				3300CDD01D5D2F1F007F0A99 /* DGActivityIndicatorBallZigZagAnimation.m in Sources */,
				33858BCE1D5554600078127B /* CloudKit.swift in Sources */,
				3300CDBE1D5D2F1F007F0A99 /* DGActivityIndicatorBallScaleAnimation.m in Sources */,
				3300CDFA1D5D2F1F007F0A99 /* DGActivityIndicatorTriangleSkewSpinAnimation.m in Sources */,
				337469431D124212008F38C4 /* WorkoutTypeVC.swift in Sources */,
				337469291D12416C008F38C4 /* BaseVC.swift in Sources */,
				3300CDFD1D5D2F1F007F0A99 /* DGActivityIndicatorTriplePulseAnimation.m in Sources */,
				337469371D1241B4008F38C4 /* WorkoutVC.swift in Sources */,
				3300CDF41D5D2F1F007F0A99 /* DGActivityIndicatorRotatingTrigonAnimation.m in Sources */,
				3300CDD31D5D2F1F007F0A99 /* DGActivityIndicatorBallZigZagDeflectAnimation.m in Sources */,
				334130781D500FBB00758A80 /* Workout.swift in Sources */,
				337469401D1241F2008F38C4 /* WorkoutSummaryVC.swift in Sources */,
				3300CDAC1D5D2F1F007F0A99 /* DGActivityIndicatorBallClipRotatePulseAnimation.m in Sources */,
				3A6F935A1EF9B67F00A81FF1 /* BEMSimpleLineGraphView.m in Sources */,
				33A93BE61D75216100770375 /* CoreData.swift in Sources */,
				3377FEBE1D289E0200D0BA98 /* WorkoutController.swift in Sources */,
				3300CDCD1D5D2F1F007F0A99 /* DGActivityIndicatorBallTrianglePathAnimation.m in Sources */,
				3377FEC41D28D5CD00D0BA98 /* NSTimer+Pause.m in Sources */,
				3A6F93561EF9B67F00A81FF1 /* BEMAverageLine.m in Sources */,
				3300CDC11D5D2F1F007F0A99 /* DGActivityIndicatorBallScaleMultipleAnimation.m in Sources */,
				3300CDB51D5D2F1F007F0A99 /* DGActivityIndicatorBallPulseAnimation.m in Sources */,
				33193DCE1D7BD1C800624956 /* DataController.swift in Sources */,
				3300CDAF1D5D2F1F007F0A99 /* DGActivityIndicatorBallGridBeatAnimation.m in Sources */,
				3300CE031D5D2F1F007F0A99 /* DGActivityIndicatorTwoDotsAnimation.m in Sources */,
				3300CDB81D5D2F1F007F0A99 /* DGActivityIndicatorBallPulseSyncAnimation.m in Sources */,
				3300CDCA1D5D2F1F007F0A99 /* DGActivityIndicatorBallSpinFadeLoader.m in Sources */,
				3300CDF11D5D2F1F007F0A99 /* DGActivityIndicatorRotatingSquaresAnimation.m in Sources */,
				3300CDB21D5D2F1F007F0A99 /* DGActivityIndicatorBallGridPulseAnimation.m in Sources */,
				33550AC91D53F4F90036122A /* QuickSort.swift in Sources */,
				3377FED21D2C793F00D0BA98 /* VO2Max.swift in Sources */,
				336AF2891D2591E400D70DA9 /* Health.swift in Sources */,
				3300CDA01D5D2F1F007F0A99 /* DGActivityIndicatorAnimation.m in Sources */,
				3300CDBB1D5D2F1F007F0A99 /* DGActivityIndicatorBallRotateAnimation.m in Sources */,
				337469311D124192008F38C4 /* SettingsVC.swift in Sources */,
				3A6F93581EF9B67F00A81FF1 /* BEMGraphCalculator.m in Sources */,
			);
			runOnlyForDeploymentPostprocessing = 0;
		};
/* End PBXSourcesBuildPhase section */

/* Begin PBXVariantGroup section */
		33F271B41D123D8500588247 /* Main.storyboard */ = {
			isa = PBXVariantGroup;
			children = (
				33F271B51D123D8500588247 /* Base */,
			);
			name = Main.storyboard;
			sourceTree = "<group>";
		};
		33F271BC1D123D8500588247 /* LaunchScreen.storyboard */ = {
			isa = PBXVariantGroup;
			children = (
				33F271BD1D123D8500588247 /* Base */,
			);
			name = LaunchScreen.storyboard;
			sourceTree = "<group>";
		};
/* End PBXVariantGroup section */

/* Begin XCBuildConfiguration section */
		33F271D61D123D8500588247 /* Debug */ = {
			isa = XCBuildConfiguration;
			buildSettings = {
				ALWAYS_SEARCH_USER_PATHS = NO;
				CLANG_ALLOW_NON_MODULAR_INCLUDES_IN_FRAMEWORK_MODULES = YES;
				CLANG_ANALYZER_NONNULL = YES;
				CLANG_CXX_LANGUAGE_STANDARD = "gnu++0x";
				CLANG_CXX_LIBRARY = "libc++";
				CLANG_ENABLE_MODULES = YES;
				CLANG_ENABLE_OBJC_ARC = YES;
				CLANG_WARN_BOOL_CONVERSION = YES;
				CLANG_WARN_CONSTANT_CONVERSION = YES;
				CLANG_WARN_DIRECT_OBJC_ISA_USAGE = YES_ERROR;
				CLANG_WARN_EMPTY_BODY = YES;
				CLANG_WARN_ENUM_CONVERSION = YES;
				CLANG_WARN_INFINITE_RECURSION = YES;
				CLANG_WARN_INT_CONVERSION = YES;
				CLANG_WARN_OBJC_ROOT_CLASS = YES_ERROR;
				CLANG_WARN_SUSPICIOUS_MOVE = YES;
				CLANG_WARN_UNREACHABLE_CODE = YES;
				CLANG_WARN__DUPLICATE_METHOD_MATCH = YES;
				"CODE_SIGN_IDENTITY[sdk=iphoneos*]" = "iPhone Developer";
				COPY_PHASE_STRIP = NO;
				DEBUG_INFORMATION_FORMAT = dwarf;
				ENABLE_STRICT_OBJC_MSGSEND = YES;
				ENABLE_TESTABILITY = YES;
				GCC_C_LANGUAGE_STANDARD = gnu99;
				GCC_DYNAMIC_NO_PIC = NO;
				GCC_NO_COMMON_BLOCKS = YES;
				GCC_OPTIMIZATION_LEVEL = 0;
				GCC_PREPROCESSOR_DEFINITIONS = (
					"DEBUG=1",
					"$(inherited)",
				);
				GCC_WARN_64_TO_32_BIT_CONVERSION = YES;
				GCC_WARN_ABOUT_RETURN_TYPE = YES_ERROR;
				GCC_WARN_UNDECLARED_SELECTOR = YES;
				GCC_WARN_UNINITIALIZED_AUTOS = YES_AGGRESSIVE;
				GCC_WARN_UNUSED_FUNCTION = YES;
				GCC_WARN_UNUSED_VARIABLE = YES;
				IPHONEOS_DEPLOYMENT_TARGET = 9.3;
				MTL_ENABLE_DEBUG_INFO = YES;
				ONLY_ACTIVE_ARCH = YES;
				SDKROOT = iphoneos;
				SWIFT_OBJC_BRIDGING_HEADER = HeartBeat/ThirdParty/BridgeFiles/;
				SWIFT_OPTIMIZATION_LEVEL = "-Onone";
				SWIFT_VERSION = 2.3;
				TARGETED_DEVICE_FAMILY = "1,2";
			};
			name = Debug;
		};
		33F271D71D123D8500588247 /* Release */ = {
			isa = XCBuildConfiguration;
			buildSettings = {
				ALWAYS_SEARCH_USER_PATHS = NO;
				CLANG_ALLOW_NON_MODULAR_INCLUDES_IN_FRAMEWORK_MODULES = YES;
				CLANG_ANALYZER_NONNULL = YES;
				CLANG_CXX_LANGUAGE_STANDARD = "gnu++0x";
				CLANG_CXX_LIBRARY = "libc++";
				CLANG_ENABLE_MODULES = YES;
				CLANG_ENABLE_OBJC_ARC = YES;
				CLANG_WARN_BOOL_CONVERSION = YES;
				CLANG_WARN_CONSTANT_CONVERSION = YES;
				CLANG_WARN_DIRECT_OBJC_ISA_USAGE = YES_ERROR;
				CLANG_WARN_EMPTY_BODY = YES;
				CLANG_WARN_ENUM_CONVERSION = YES;
				CLANG_WARN_INFINITE_RECURSION = YES;
				CLANG_WARN_INT_CONVERSION = YES;
				CLANG_WARN_OBJC_ROOT_CLASS = YES_ERROR;
				CLANG_WARN_SUSPICIOUS_MOVE = YES;
				CLANG_WARN_UNREACHABLE_CODE = YES;
				CLANG_WARN__DUPLICATE_METHOD_MATCH = YES;
				"CODE_SIGN_IDENTITY[sdk=iphoneos*]" = "iPhone Developer";
				COPY_PHASE_STRIP = NO;
				DEBUG_INFORMATION_FORMAT = "dwarf-with-dsym";
				ENABLE_NS_ASSERTIONS = NO;
				ENABLE_STRICT_OBJC_MSGSEND = YES;
				GCC_C_LANGUAGE_STANDARD = gnu99;
				GCC_NO_COMMON_BLOCKS = YES;
				GCC_WARN_64_TO_32_BIT_CONVERSION = YES;
				GCC_WARN_ABOUT_RETURN_TYPE = YES_ERROR;
				GCC_WARN_UNDECLARED_SELECTOR = YES;
				GCC_WARN_UNINITIALIZED_AUTOS = YES_AGGRESSIVE;
				GCC_WARN_UNUSED_FUNCTION = YES;
				GCC_WARN_UNUSED_VARIABLE = YES;
				IPHONEOS_DEPLOYMENT_TARGET = 9.3;
				MTL_ENABLE_DEBUG_INFO = NO;
				SDKROOT = iphoneos;
				SWIFT_OBJC_BRIDGING_HEADER = HeartBeat/ThirdParty/BridgeFiles/;
				SWIFT_VERSION = 2.3;
				TARGETED_DEVICE_FAMILY = "1,2";
				VALIDATE_PRODUCT = YES;
			};
			name = Release;
		};
		33F271D91D123D8500588247 /* Debug */ = {
			isa = XCBuildConfiguration;
			baseConfigurationReference = 874A562BBCB9174AC2EA2A9A /* Pods-HeartBeat.debug.xcconfig */;
			buildSettings = {
				ALWAYS_SEARCH_USER_PATHS = NO;
				ASSETCATALOG_COMPILER_APPICON_NAME = AppIcon;
				CLANG_ALLOW_NON_MODULAR_INCLUDES_IN_FRAMEWORK_MODULES = YES;
				CLANG_ENABLE_MODULES = YES;
				CODE_SIGN_ENTITLEMENTS = HeartBeat/HeartBeat.entitlements;
				CODE_SIGN_IDENTITY = "iPhone Developer";
				DEFINES_MODULE = YES;
				DEVELOPMENT_TEAM = K8YR4WT3S5;
				FRAMEWORK_SEARCH_PATHS = "$(inherited)";
				INFOPLIST_FILE = HeartBeat/Info.plist;
				LD_RUNPATH_SEARCH_PATHS = "$(inherited) @executable_path/Frameworks";
				OTHER_SWIFT_FLAGS = "-D DEBUG";
				PRODUCT_BUNDLE_IDENTIFIER = com.inailuy.HeartBeat;
				PRODUCT_NAME = "$(TARGET_NAME)";
				SWIFT_OBJC_BRIDGING_HEADER = "HeartBeat/ThirdParty/BridgeFiles/HeartBeat-Bridging-Header.h";
				SWIFT_OPTIMIZATION_LEVEL = "-Onone";
				SWIFT_VERSION = 3.0;
			};
			name = Debug;
		};
		33F271DA1D123D8500588247 /* Release */ = {
			isa = XCBuildConfiguration;
			baseConfigurationReference = FDF0355659680E709A71D8E8 /* Pods-HeartBeat.release.xcconfig */;
			buildSettings = {
				ALWAYS_SEARCH_USER_PATHS = NO;
				ASSETCATALOG_COMPILER_APPICON_NAME = AppIcon;
				CLANG_ALLOW_NON_MODULAR_INCLUDES_IN_FRAMEWORK_MODULES = YES;
				CLANG_ENABLE_MODULES = YES;
				CODE_SIGN_ENTITLEMENTS = HeartBeat/HeartBeat.entitlements;
				CODE_SIGN_IDENTITY = "iPhone Developer";
				DEFINES_MODULE = YES;
				DEVELOPMENT_TEAM = K8YR4WT3S5;
				FRAMEWORK_SEARCH_PATHS = "$(inherited)";
				INFOPLIST_FILE = HeartBeat/Info.plist;
				LD_RUNPATH_SEARCH_PATHS = "$(inherited) @executable_path/Frameworks";
				OTHER_SWIFT_FLAGS = "-D DEBUG";
				PRODUCT_BUNDLE_IDENTIFIER = com.inailuy.HeartBeat;
				PRODUCT_NAME = "$(TARGET_NAME)";
				SWIFT_OBJC_BRIDGING_HEADER = "HeartBeat/ThirdParty/BridgeFiles/HeartBeat-Bridging-Header.h";
				SWIFT_OPTIMIZATION_LEVEL = "-Owholemodule";
				SWIFT_VERSION = 3.0;
			};
			name = Release;
		};
/* End XCBuildConfiguration section */

/* Begin XCConfigurationList section */
		33F271A81D123D8500588247 /* Build configuration list for PBXProject "HeartBeat" */ = {
			isa = XCConfigurationList;
			buildConfigurations = (
				33F271D61D123D8500588247 /* Debug */,
				33F271D71D123D8500588247 /* Release */,
			);
			defaultConfigurationIsVisible = 0;
			defaultConfigurationName = Release;
		};
		33F271D81D123D8500588247 /* Build configuration list for PBXNativeTarget "HeartBeat" */ = {
			isa = XCConfigurationList;
			buildConfigurations = (
				33F271D91D123D8500588247 /* Debug */,
				33F271DA1D123D8500588247 /* Release */,
			);
			defaultConfigurationIsVisible = 0;
			defaultConfigurationName = Release;
		};
/* End XCConfigurationList section */

/* Begin XCVersionGroup section */
		33F271B71D123D8500588247 /* HeartBeat.xcdatamodeld */ = {
			isa = XCVersionGroup;
			children = (
				33F271B81D123D8500588247 /* HeartBeat.xcdatamodel */,
			);
			currentVersion = 33F271B81D123D8500588247 /* HeartBeat.xcdatamodel */;
			path = HeartBeat.xcdatamodeld;
			sourceTree = "<group>";
			versionGroupType = wrapper.xcdatamodel;
		};
/* End XCVersionGroup section */
	};
	rootObject = 33F271A51D123D8500588247 /* Project object */;
}
