PODS:
  - AccountKit (4.20.0)
  - Bolts (1.8.4):
    - Bolts/AppLinks (= 1.8.4)
    - Bolts/Tasks (= 1.8.4)
  - Bolts/AppLinks (1.8.4):
    - Bolts/Tasks
  - Bolts/Tasks (1.8.4)
  - FBNotifications (1.0.1)
  - FBSDKCoreKit (4.20.0):
    - Bolts (~> 1.7)
  - FBSDKLoginKit (4.20.0):
    - FBSDKCoreKit
  - FBSDKShareKit (4.20.0):
    - FBSDKCoreKit

DEPENDENCIES:
  - AccountKit
  - Bolts
  - FBNotifications
  - FBSDKCoreKit
  - FBSDKLoginKit
  - FBSDKShareKit

SPEC CHECKSUMS:
  AccountKit: e772fbd7b3af1dbd80854ea0a1709cd145c43176
  Bolts: 8a7995239dbe724f9cba2248b766d48b7ebdd322
  FBNotifications: 3f1a9e43ffa2979a685eec29c960ca6a15c70be9
  FBSDKCoreKit: 2d16979b28fe28c2b95af0d275ad5f9703c6c8de
  FBSDKLoginKit: a9d9391506c687e2304a590bf9312837fce7f375
  FBSDKShareKit: 1b91af62a603d67f392bc7fde63bc4a0705dde31

PODFILE CHECKSUM: 2b7593c610a3c98ab9897b88c76d171af521af08

COCOAPODS: 1.2.0
